// !$*UTF8*$!
{
	archiveVersion = 1;
	classes = {
	};
	objectVersion = 56;
	objects = {

/* Begin PBXBuildFile section */
		0679306D2A6F9B64008F853E /* AppDelegate.swift in Sources */ = {isa = PBXBuildFile; fileRef = 2673E0282A5D05C400429610 /* AppDelegate.swift */; };
		0679306E2A6F9C0A008F853E /* NotificationHandler.swift in Sources */ = {isa = PBXBuildFile; fileRef = 264FA0642A6EB54A006758A3 /* NotificationHandler.swift */; };
		0679306F2A6F9C10008F853E /* GlobalEnvirontment.swift in Sources */ = {isa = PBXBuildFile; fileRef = 2673E0262A5D056D00429610 /* GlobalEnvirontment.swift */; };
		067930702A6F9C1A008F853E /* VitachiTimePhase.swift in Sources */ = {isa = PBXBuildFile; fileRef = CB05285B2A6531F600649F22 /* VitachiTimePhase.swift */; };
		067930712A6F9C30008F853E /* UserDefaults+Codable.swift in Sources */ = {isa = PBXBuildFile; fileRef = 2618F0172A6A32A30008ED82 /* UserDefaults+Codable.swift */; };
		067930722A6F9C49008F853E /* ReminderType.swift in Sources */ = {isa = PBXBuildFile; fileRef = 264FA0662A6EBB46006758A3 /* ReminderType.swift */; };
		067930732A6F9D8E008F853E /* CoreDataRepository.swift in Sources */ = {isa = PBXBuildFile; fileRef = CB9AA2242A6A414400BF8D76 /* CoreDataRepository.swift */; };
		067930742A6F9D97008F853E /* CoreDataManager.swift in Sources */ = {isa = PBXBuildFile; fileRef = CB9FE28A2A6933950091DE9C /* CoreDataManager.swift */; };
		067930752A6F9DA0008F853E /* CoreDataEnvirontment.swift in Sources */ = {isa = PBXBuildFile; fileRef = CB9FE28C2A6934BE0091DE9C /* CoreDataEnvirontment.swift */; };
		067930762A6F9DC3008F853E /* Date+Extend.swift in Sources */ = {isa = PBXBuildFile; fileRef = CB0528592A6531A000649F22 /* Date+Extend.swift */; };
		067930772A6F9DF9008F853E /* AppCoreContainer.xcdatamodeld in Sources */ = {isa = PBXBuildFile; fileRef = CB9FE2872A6932950091DE9C /* AppCoreContainer.xcdatamodeld */; };
		067930782A6F9E2B008F853E /* VitaSkinModel.swift in Sources */ = {isa = PBXBuildFile; fileRef = CBB46C182A6B910200E9E0F8 /* VitaSkinModel.swift */; };
		067930792A6F9E31008F853E /* Message.swift in Sources */ = {isa = PBXBuildFile; fileRef = CBD2D8C42A682F8F00F603C7 /* Message.swift */; };
		0679307A2A6F9E4C008F853E /* VitachiMoodPhase.swift in Sources */ = {isa = PBXBuildFile; fileRef = CB2B5D9A2A66B50B0099D404 /* VitachiMoodPhase.swift */; };
		067CB9042A68E57A00D1B0C3 /* Color+Extend.swift in Sources */ = {isa = PBXBuildFile; fileRef = 26BC97EB2A5D0ED0003125B5 /* Color+Extend.swift */; };
		067CB9052A68E57A00D1B0C3 /* Color+Hex.swift in Sources */ = {isa = PBXBuildFile; fileRef = 26B0A3212A657C0A0047FC6A /* Color+Hex.swift */; };
		067CB9062A68E57A00D1B0C3 /* UIColor+Hex.swift in Sources */ = {isa = PBXBuildFile; fileRef = 26B0A3232A657CDC0047FC6A /* UIColor+Hex.swift */; };
		067CB9072A68E57A00D1B0C3 /* UIScreen+Compact.swift in Sources */ = {isa = PBXBuildFile; fileRef = 2648466A2A5E48BB00396575 /* UIScreen+Compact.swift */; };
		067CB9082A68E57A00D1B0C3 /* View+ConditionalModifier.swift in Sources */ = {isa = PBXBuildFile; fileRef = 2623C22B2A5EE24100F820E8 /* View+ConditionalModifier.swift */; };
		067CB90A2A6D3BAD00D1B0C3 /* VitaMoodConfig.swift in Sources */ = {isa = PBXBuildFile; fileRef = 067CB9092A6D3BAD00D1B0C3 /* VitaMoodConfig.swift */; };
		067CB90B2A6D3BAD00D1B0C3 /* VitaMoodConfig.swift in Sources */ = {isa = PBXBuildFile; fileRef = 067CB9092A6D3BAD00D1B0C3 /* VitaMoodConfig.swift */; };
		06E47BA72A66A36900EEC8AE /* WidgetKit.framework in Frameworks */ = {isa = PBXBuildFile; fileRef = 06E47BA62A66A36900EEC8AE /* WidgetKit.framework */; };
		06E47BA92A66A36900EEC8AE /* SwiftUI.framework in Frameworks */ = {isa = PBXBuildFile; fileRef = 06E47BA82A66A36900EEC8AE /* SwiftUI.framework */; };
		06E47BAC2A66A36900EEC8AE /* VitaWidgetBundle.swift in Sources */ = {isa = PBXBuildFile; fileRef = 06E47BAB2A66A36900EEC8AE /* VitaWidgetBundle.swift */; };
		06E47BAE2A66A36900EEC8AE /* VitaWidgetLiveActivity.swift in Sources */ = {isa = PBXBuildFile; fileRef = 06E47BAD2A66A36900EEC8AE /* VitaWidgetLiveActivity.swift */; };
		06E47BB02A66A36900EEC8AE /* VitaWidget.swift in Sources */ = {isa = PBXBuildFile; fileRef = 06E47BAF2A66A36900EEC8AE /* VitaWidget.swift */; };
		06E47BB32A66A36A00EEC8AE /* Assets.xcassets in Resources */ = {isa = PBXBuildFile; fileRef = 06E47BB22A66A36A00EEC8AE /* Assets.xcassets */; };
		06E47BB52A66A36A00EEC8AE /* VitaWidget.intentdefinition in Sources */ = {isa = PBXBuildFile; fileRef = 06E47BB12A66A36900EEC8AE /* VitaWidget.intentdefinition */; };
		06E47BB62A66A36A00EEC8AE /* VitaWidget.intentdefinition in Sources */ = {isa = PBXBuildFile; fileRef = 06E47BB12A66A36900EEC8AE /* VitaWidget.intentdefinition */; };
		06E47BB92A66A36A00EEC8AE /* VitaWidgetExtension.appex in Embed Foundation Extensions */ = {isa = PBXBuildFile; fileRef = 06E47BA42A66A36900EEC8AE /* VitaWidgetExtension.appex */; settings = {ATTRIBUTES = (RemoveHeadersOnCopy, ); }; };
		26138BA82A69813600FEACBD /* LevelUpViewModel.swift in Sources */ = {isa = PBXBuildFile; fileRef = 26138BA72A69813600FEACBD /* LevelUpViewModel.swift */; };
		2618F0182A6A32A30008ED82 /* UserDefaults+Codable.swift in Sources */ = {isa = PBXBuildFile; fileRef = 2618F0172A6A32A30008ED82 /* UserDefaults+Codable.swift */; };
		2623C22C2A5EE24100F820E8 /* View+ConditionalModifier.swift in Sources */ = {isa = PBXBuildFile; fileRef = 2623C22B2A5EE24100F820E8 /* View+ConditionalModifier.swift */; };
		2623C2322A5EF02200F820E8 /* VerticalPicker.swift in Sources */ = {isa = PBXBuildFile; fileRef = 2623C2312A5EF02200F820E8 /* VerticalPicker.swift */; };
		2623C2342A5EF68400F820E8 /* UIKitPickerView.swift in Sources */ = {isa = PBXBuildFile; fileRef = 2623C2332A5EF68400F820E8 /* UIKitPickerView.swift */; };
		264846692A5E471400396575 /* COMMIT.md in Resources */ = {isa = PBXBuildFile; fileRef = 264846682A5E471400396575 /* COMMIT.md */; };
		2648466B2A5E48BB00396575 /* UIScreen+Compact.swift in Sources */ = {isa = PBXBuildFile; fileRef = 2648466A2A5E48BB00396575 /* UIScreen+Compact.swift */; };
		264846742A5E5CF300396575 /* OnboardingSecond.swift in Sources */ = {isa = PBXBuildFile; fileRef = 264846732A5E5CF300396575 /* OnboardingSecond.swift */; };
		264846762A5E5EB800396575 /* PrimaryButton.swift in Sources */ = {isa = PBXBuildFile; fileRef = 264846752A5E5EB800396575 /* PrimaryButton.swift */; };
		264846782A5E61C300396575 /* CancelButton.swift in Sources */ = {isa = PBXBuildFile; fileRef = 264846772A5E61C300396575 /* CancelButton.swift */; };
		2648467A2A5E639D00396575 /* CounteredTextView.swift in Sources */ = {isa = PBXBuildFile; fileRef = 264846792A5E639D00396575 /* CounteredTextView.swift */; };
		2648467C2A5E643300396575 /* CounterTextFieldStyle.swift in Sources */ = {isa = PBXBuildFile; fileRef = 2648467B2A5E643300396575 /* CounterTextFieldStyle.swift */; };
		2648467E2A5E6FA700396575 /* OnboardingViewModel.swift in Sources */ = {isa = PBXBuildFile; fileRef = 2648467D2A5E6FA700396575 /* OnboardingViewModel.swift */; };
		264846802A5E743500396575 /* OnboardingThird.swift in Sources */ = {isa = PBXBuildFile; fileRef = 2648467F2A5E743500396575 /* OnboardingThird.swift */; };
		264FA0622A6E9124006758A3 /* SplashScreen.swift in Sources */ = {isa = PBXBuildFile; fileRef = 264FA0612A6E9124006758A3 /* SplashScreen.swift */; };
		264FA0652A6EB54A006758A3 /* NotificationHandler.swift in Sources */ = {isa = PBXBuildFile; fileRef = 264FA0642A6EB54A006758A3 /* NotificationHandler.swift */; };
		264FA0672A6EBB46006758A3 /* ReminderType.swift in Sources */ = {isa = PBXBuildFile; fileRef = 264FA0662A6EBB46006758A3 /* ReminderType.swift */; };
		264FA06C2A6F6EDE006758A3 /* ReminderType.swift in Sources */ = {isa = PBXBuildFile; fileRef = 264FA0662A6EBB46006758A3 /* ReminderType.swift */; };
		264FA06E2A6F6F41006758A3 /* VitachiTimePhase.swift in Sources */ = {isa = PBXBuildFile; fileRef = CB05285B2A6531F600649F22 /* VitachiTimePhase.swift */; };
		265145942A69646F00042519 /* LevelUpView.swift in Sources */ = {isa = PBXBuildFile; fileRef = 265145932A69646F00042519 /* LevelUpView.swift */; };
		2651459A2A69698F00042519 /* RoundedCornerShape.swift in Sources */ = {isa = PBXBuildFile; fileRef = 265145992A69698F00042519 /* RoundedCornerShape.swift */; };
		2651459C2A697AF900042519 /* LevelUpProgressStyle.swift in Sources */ = {isa = PBXBuildFile; fileRef = 2651459B2A697AF900042519 /* LevelUpProgressStyle.swift */; };
		266354CD2A6643B600C9605E /* NavigationTransitions in Frameworks */ = {isa = PBXBuildFile; productRef = 266354CC2A6643B600C9605E /* NavigationTransitions */; };
		2673E0122A5D014400429610 /* README.md in Resources */ = {isa = PBXBuildFile; fileRef = 2673E0112A5D014400429610 /* README.md */; };
		2673E0142A5D014900429610 /* LICENSE.txt in Resources */ = {isa = PBXBuildFile; fileRef = 2673E0132A5D014900429610 /* LICENSE.txt */; };
		2673E0272A5D056D00429610 /* GlobalEnvirontment.swift in Sources */ = {isa = PBXBuildFile; fileRef = 2673E0262A5D056D00429610 /* GlobalEnvirontment.swift */; };
		2673E0292A5D05C400429610 /* AppDelegate.swift in Sources */ = {isa = PBXBuildFile; fileRef = 2673E0282A5D05C400429610 /* AppDelegate.swift */; };
		26A77B012A5FAE6A00B1C3A7 /* OnboardingTimePicker.swift in Sources */ = {isa = PBXBuildFile; fileRef = 26A77B002A5FAE6A00B1C3A7 /* OnboardingTimePicker.swift */; };
		26B0A3202A6578BE0047FC6A /* OnboardingThirdRevision.swift in Sources */ = {isa = PBXBuildFile; fileRef = 26B0A31F2A6578BE0047FC6A /* OnboardingThirdRevision.swift */; };
		26B0A3222A657C0A0047FC6A /* Color+Hex.swift in Sources */ = {isa = PBXBuildFile; fileRef = 26B0A3212A657C0A0047FC6A /* Color+Hex.swift */; };
		26B0A3242A657CDC0047FC6A /* UIColor+Hex.swift in Sources */ = {isa = PBXBuildFile; fileRef = 26B0A3232A657CDC0047FC6A /* UIColor+Hex.swift */; };
		26B0A3282A65893B0047FC6A /* CollectiveDayTimePicker.swift in Sources */ = {isa = PBXBuildFile; fileRef = 26B0A3272A65893B0047FC6A /* CollectiveDayTimePicker.swift */; };
		26B0A32A2A6595AD0047FC6A /* OnboardingFourth.swift in Sources */ = {isa = PBXBuildFile; fileRef = 26B0A3292A6595AD0047FC6A /* OnboardingFourth.swift */; };
		26BC97EC2A5D0ED0003125B5 /* Color+Extend.swift in Sources */ = {isa = PBXBuildFile; fileRef = 26BC97EB2A5D0ED0003125B5 /* Color+Extend.swift */; };
		26BC97F22A5D102E003125B5 /* OnboardingFirst.swift in Sources */ = {isa = PBXBuildFile; fileRef = 26BC97F12A5D102E003125B5 /* OnboardingFirst.swift */; };
		26C7A88E2A5D0014009F0EAF /* VitagochiApp.swift in Sources */ = {isa = PBXBuildFile; fileRef = 26C7A88D2A5D0014009F0EAF /* VitagochiApp.swift */; };
		26C7A8922A5D0015009F0EAF /* Assets.xcassets in Resources */ = {isa = PBXBuildFile; fileRef = 26C7A8912A5D0015009F0EAF /* Assets.xcassets */; };
		26C7A8952A5D0015009F0EAF /* Preview Assets.xcassets in Resources */ = {isa = PBXBuildFile; fileRef = 26C7A8942A5D0015009F0EAF /* Preview Assets.xcassets */; };
		26C7A89F2A5D0015009F0EAF /* VitagochiTests.swift in Sources */ = {isa = PBXBuildFile; fileRef = 26C7A89E2A5D0015009F0EAF /* VitagochiTests.swift */; };
		26C7A8A92A5D0015009F0EAF /* VitagochiUITests.swift in Sources */ = {isa = PBXBuildFile; fileRef = 26C7A8A82A5D0015009F0EAF /* VitagochiUITests.swift */; };
		26C7A8AB2A5D0015009F0EAF /* VitagochiUITestsLaunchTests.swift in Sources */ = {isa = PBXBuildFile; fileRef = 26C7A8AA2A5D0015009F0EAF /* VitagochiUITestsLaunchTests.swift */; };
		CB05285A2A6531A000649F22 /* Date+Extend.swift in Sources */ = {isa = PBXBuildFile; fileRef = CB0528592A6531A000649F22 /* Date+Extend.swift */; };
		CB05285C2A6531F600649F22 /* VitachiTimePhase.swift in Sources */ = {isa = PBXBuildFile; fileRef = CB05285B2A6531F600649F22 /* VitachiTimePhase.swift */; };
		CB05285E2A65323900649F22 /* MainScene.swift in Sources */ = {isa = PBXBuildFile; fileRef = CB05285D2A65323900649F22 /* MainScene.swift */; };
		CB0528612A653F9200649F22 /* RectangleBubleTextView.swift in Sources */ = {isa = PBXBuildFile; fileRef = CB0528602A653F9200649F22 /* RectangleBubleTextView.swift */; };
		CB0528632A6546BF00649F22 /* CircularProgressView.swift in Sources */ = {isa = PBXBuildFile; fileRef = CB0528622A6546BF00649F22 /* CircularProgressView.swift */; };
		CB0528652A656BB500649F22 /* StatusLevelView.swift in Sources */ = {isa = PBXBuildFile; fileRef = CB0528642A656BB500649F22 /* StatusLevelView.swift */; };
		CB0528672A65712500649F22 /* RootView.swift in Sources */ = {isa = PBXBuildFile; fileRef = CB0528662A65712500649F22 /* RootView.swift */; };
		CB0ACBFB2A6D615C00D5DF4D /* GalleryCard.swift in Sources */ = {isa = PBXBuildFile; fileRef = CB0ACBFA2A6D615C00D5DF4D /* GalleryCard.swift */; };
		CB0ACBFD2A6D7D8600D5DF4D /* BackgroundArc.swift in Sources */ = {isa = PBXBuildFile; fileRef = CB0ACBFC2A6D7D8600D5DF4D /* BackgroundArc.swift */; };
		CB0ACC002A6D9F4100D5DF4D /* BadgesView.swift in Sources */ = {isa = PBXBuildFile; fileRef = CB0ACBFF2A6D9F4100D5DF4D /* BadgesView.swift */; };
		CB2B5D992A66A0BA0099D404 /* MainSceneViewModel.swift in Sources */ = {isa = PBXBuildFile; fileRef = CB2B5D982A66A0BA0099D404 /* MainSceneViewModel.swift */; };
		CB2B5D9B2A66B50B0099D404 /* VitachiMoodPhase.swift in Sources */ = {isa = PBXBuildFile; fileRef = CB2B5D9A2A66B50B0099D404 /* VitachiMoodPhase.swift */; };
		CB2B5D9F2A66B96F0099D404 /* welcome.wav in Resources */ = {isa = PBXBuildFile; fileRef = CB2B5D9E2A66B96F0099D404 /* welcome.wav */; };
		CB2B5DA22A66BA7B0099D404 /* beforeDayDefault1.wav in Resources */ = {isa = PBXBuildFile; fileRef = CB2B5DA12A66BA7B0099D404 /* beforeDayDefault1.wav */; };
		CB2B5DA42A66BABA0099D404 /* beforeDayDefault2.wav in Resources */ = {isa = PBXBuildFile; fileRef = CB2B5DA32A66BABA0099D404 /* beforeDayDefault2.wav */; };
		CB2B5DA72A66BAFC0099D404 /* morningDefault1.wav in Resources */ = {isa = PBXBuildFile; fileRef = CB2B5DA62A66BAFC0099D404 /* morningDefault1.wav */; };
		CB84A9CF2A6FCE17003F1251 /* URL+Extend.swift in Sources */ = {isa = PBXBuildFile; fileRef = CB84A9CE2A6FCE17003F1251 /* URL+Extend.swift */; };
		CB84A9D02A6FD18F003F1251 /* URL+Extend.swift in Sources */ = {isa = PBXBuildFile; fileRef = CB84A9CE2A6FCE17003F1251 /* URL+Extend.swift */; };
		CB84A9D12A6FF6C8003F1251 /* LevelUpProgressStyle.swift in Sources */ = {isa = PBXBuildFile; fileRef = 2651459B2A697AF900042519 /* LevelUpProgressStyle.swift */; };
		CB9AA2142A69F1B500BF8D76 /* eveningDefault1.wav in Resources */ = {isa = PBXBuildFile; fileRef = CB9AA20A2A69F1B500BF8D76 /* eveningDefault1.wav */; };
		CB9AA2152A69F1B500BF8D76 /* afternoonHappy1.wav in Resources */ = {isa = PBXBuildFile; fileRef = CB9AA20B2A69F1B500BF8D76 /* afternoonHappy1.wav */; };
		CB9AA2162A69F1B500BF8D76 /* happy1.wav in Resources */ = {isa = PBXBuildFile; fileRef = CB9AA20C2A69F1B500BF8D76 /* happy1.wav */; };
		CB9AA2172A69F1B500BF8D76 /* afternoonDefault1.wav in Resources */ = {isa = PBXBuildFile; fileRef = CB9AA20D2A69F1B500BF8D76 /* afternoonDefault1.wav */; };
		CB9AA2182A69F1B500BF8D76 /* afternoonAngry1.wav in Resources */ = {isa = PBXBuildFile; fileRef = CB9AA20E2A69F1B500BF8D76 /* afternoonAngry1.wav */; };
		CB9AA2192A69F1B500BF8D76 /* morningHappy1.wav in Resources */ = {isa = PBXBuildFile; fileRef = CB9AA20F2A69F1B500BF8D76 /* morningHappy1.wav */; };
		CB9AA21A2A69F1B500BF8D76 /* angry1.wav in Resources */ = {isa = PBXBuildFile; fileRef = CB9AA2102A69F1B500BF8D76 /* angry1.wav */; };
		CB9AA21B2A69F1B500BF8D76 /* afterDayDefault1.wav in Resources */ = {isa = PBXBuildFile; fileRef = CB9AA2112A69F1B500BF8D76 /* afterDayDefault1.wav */; };
		CB9AA21C2A69F1B500BF8D76 /* eveningHappy1.wav in Resources */ = {isa = PBXBuildFile; fileRef = CB9AA2122A69F1B500BF8D76 /* eveningHappy1.wav */; };
		CB9AA21D2A69F1B500BF8D76 /* eveningAngry1.wav in Resources */ = {isa = PBXBuildFile; fileRef = CB9AA2132A69F1B500BF8D76 /* eveningAngry1.wav */; };
		CB9AA2252A6A414400BF8D76 /* CoreDataRepository.swift in Sources */ = {isa = PBXBuildFile; fileRef = CB9AA2242A6A414400BF8D76 /* CoreDataRepository.swift */; };
		CB9AA2272A6AC9AB00BF8D76 /* TakePitcureButton.swift in Sources */ = {isa = PBXBuildFile; fileRef = CB9AA2262A6AC9AB00BF8D76 /* TakePitcureButton.swift */; };
		CB9FE2892A6932950091DE9C /* AppCoreContainer.xcdatamodeld in Sources */ = {isa = PBXBuildFile; fileRef = CB9FE2872A6932950091DE9C /* AppCoreContainer.xcdatamodeld */; };
		CB9FE28B2A6933950091DE9C /* CoreDataManager.swift in Sources */ = {isa = PBXBuildFile; fileRef = CB9FE28A2A6933950091DE9C /* CoreDataManager.swift */; };
		CB9FE28D2A6934BE0091DE9C /* CoreDataEnvirontment.swift in Sources */ = {isa = PBXBuildFile; fileRef = CB9FE28C2A6934BE0091DE9C /* CoreDataEnvirontment.swift */; };
		CBA6418B2A6CCB530067D0F4 /* DetailTrackingView.swift in Sources */ = {isa = PBXBuildFile; fileRef = CBA6418A2A6CCB530067D0F4 /* DetailTrackingView.swift */; };
		CBAEECB92A70C0BF0094308D /* welcome.wav in Resources */ = {isa = PBXBuildFile; fileRef = CBAEECB82A70C0BF0094308D /* welcome.wav */; };
		CBAEECBB2A70C0E50094308D /* beforeDayDefault1.wav in Resources */ = {isa = PBXBuildFile; fileRef = CBAEECBA2A70C0E50094308D /* beforeDayDefault1.wav */; };
		CBAEECBD2A70C0ED0094308D /* beforeDayDefault2.wav in Resources */ = {isa = PBXBuildFile; fileRef = CBAEECBC2A70C0ED0094308D /* beforeDayDefault2.wav */; };
		CBAEECBF2A70C1400094308D /* morningDefault1.wav in Resources */ = {isa = PBXBuildFile; fileRef = CBAEECBE2A70C1400094308D /* morningDefault1.wav */; };
		CBAEECC22A70C1900094308D /* default1.wav in Resources */ = {isa = PBXBuildFile; fileRef = CBAEECC12A70C1900094308D /* default1.wav */; };
		CBAEECC42A70C1FD0094308D /* morningAngry1.wav in Resources */ = {isa = PBXBuildFile; fileRef = CBAEECC32A70C1FD0094308D /* morningAngry1.wav */; };
		CBAEECC62A70C2570094308D /* angry1.wav in Resources */ = {isa = PBXBuildFile; fileRef = CBAEECC52A70C2570094308D /* angry1.wav */; };
		CBAEECC82A70C2840094308D /* morningHappy1.wav in Resources */ = {isa = PBXBuildFile; fileRef = CBAEECC72A70C2840094308D /* morningHappy1.wav */; };
		CBAEECCA2A70C2DD0094308D /* happy1.wav in Resources */ = {isa = PBXBuildFile; fileRef = CBAEECC92A70C2DD0094308D /* happy1.wav */; };
		CBAEECCC2A70C3510094308D /* afternoonDefault1.wav in Resources */ = {isa = PBXBuildFile; fileRef = CBAEECCB2A70C3510094308D /* afternoonDefault1.wav */; };
		CBAEECCE2A70C3890094308D /* afternoonAngry1.wav in Resources */ = {isa = PBXBuildFile; fileRef = CBAEECCD2A70C3890094308D /* afternoonAngry1.wav */; };
		CBAEECD02A70C3AC0094308D /* afternoonHappy1.wav in Resources */ = {isa = PBXBuildFile; fileRef = CBAEECCF2A70C3AB0094308D /* afternoonHappy1.wav */; };
		CBAEECD22A70C42A0094308D /* eveningDefault1.wav in Resources */ = {isa = PBXBuildFile; fileRef = CBAEECD12A70C42A0094308D /* eveningDefault1.wav */; };
		CBAEECD42A70C4B90094308D /* eveningAngry1.wav in Resources */ = {isa = PBXBuildFile; fileRef = CBAEECD32A70C4B90094308D /* eveningAngry1.wav */; };
		CBAEECD62A70C5740094308D /* eveningHappy1.wav in Resources */ = {isa = PBXBuildFile; fileRef = CBAEECD52A70C5740094308D /* eveningHappy1.wav */; };
		CBAEECD92A70C5F20094308D /* afterDayDefault1.wav in Resources */ = {isa = PBXBuildFile; fileRef = CBAEECD82A70C5F20094308D /* afterDayDefault1.wav */; };
		CBAEECDE2A70C6570094308D /* sickDefault1.wav in Resources */ = {isa = PBXBuildFile; fileRef = CBAEECDB2A70C6570094308D /* sickDefault1.wav */; };
		CBAEECDF2A70C6570094308D /* sickDefault2.wav in Resources */ = {isa = PBXBuildFile; fileRef = CBAEECDC2A70C6570094308D /* sickDefault2.wav */; };
		CBAEECE02A70C6570094308D /* sickAfter1.wav in Resources */ = {isa = PBXBuildFile; fileRef = CBAEECDD2A70C6570094308D /* sickAfter1.wav */; };
		CBB46C152A6B716500E9E0F8 /* BublbleArrow.swift in Sources */ = {isa = PBXBuildFile; fileRef = CBB46C142A6B716500E9E0F8 /* BublbleArrow.swift */; };
		CBB46C172A6B719500E9E0F8 /* RoundedShapeBackground.swift in Sources */ = {isa = PBXBuildFile; fileRef = CBB46C162A6B719500E9E0F8 /* RoundedShapeBackground.swift */; };
		CBB46C192A6B910200E9E0F8 /* VitaSkinModel.swift in Sources */ = {isa = PBXBuildFile; fileRef = CBB46C182A6B910200E9E0F8 /* VitaSkinModel.swift */; };
		CBB46C212A6BCA7700E9E0F8 /* TrackingProgressView.swift in Sources */ = {isa = PBXBuildFile; fileRef = CBB46C202A6BCA7700E9E0F8 /* TrackingProgressView.swift */; };
		CBB46C232A6BDFFD00E9E0F8 /* TabBarSection.swift in Sources */ = {isa = PBXBuildFile; fileRef = CBB46C222A6BDFFD00E9E0F8 /* TabBarSection.swift */; };
		CBB46C252A6BEA3800E9E0F8 /* ProgressListView.swift in Sources */ = {isa = PBXBuildFile; fileRef = CBB46C242A6BEA3800E9E0F8 /* ProgressListView.swift */; };
		CBB46C272A6BEECF00E9E0F8 /* CircularProgressSection.swift in Sources */ = {isa = PBXBuildFile; fileRef = CBB46C262A6BEECF00E9E0F8 /* CircularProgressSection.swift */; };
		CBD2D8812A67BC6700F603C7 /* PhotoTakeView.swift in Sources */ = {isa = PBXBuildFile; fileRef = CBD2D8802A67BC6700F603C7 /* PhotoTakeView.swift */; };
		CBD2D8BE2A67C0FC00F603C7 /* ChatView.swift in Sources */ = {isa = PBXBuildFile; fileRef = CBD2D8BD2A67C0FC00F603C7 /* ChatView.swift */; };
		CBD2D8C02A67C10E00F603C7 /* ChatViewModel.swift in Sources */ = {isa = PBXBuildFile; fileRef = CBD2D8BF2A67C10E00F603C7 /* ChatViewModel.swift */; };
		CBD2D8C52A682F8F00F603C7 /* VitaMessage.swift in Sources */ = {isa = PBXBuildFile; fileRef = CBD2D8C42A682F8F00F603C7 /* VitaMessage.swift */; };
		CBD2D8C72A682FD900F603C7 /* ChatBubbleView.swift in Sources */ = {isa = PBXBuildFile; fileRef = CBD2D8C62A682FD900F603C7 /* ChatBubbleView.swift */; };
		CBD3E6922A6C324000665980 /* TrackingProgressViewModel.swift in Sources */ = {isa = PBXBuildFile; fileRef = CBD3E6912A6C324000665980 /* TrackingProgressViewModel.swift */; };
		CBE7BA202A66072C00E87AAA /* TabBarIconView.swift in Sources */ = {isa = PBXBuildFile; fileRef = CBE7BA1F2A66072C00E87AAA /* TabBarIconView.swift */; };
/* End PBXBuildFile section */

/* Begin PBXContainerItemProxy section */
		06E47BB72A66A36A00EEC8AE /* PBXContainerItemProxy */ = {
			isa = PBXContainerItemProxy;
			containerPortal = 26C7A8822A5D0014009F0EAF /* Project object */;
			proxyType = 1;
			remoteGlobalIDString = 06E47BA32A66A36900EEC8AE;
			remoteInfo = VitaWidgetExtension;
		};
		26C7A89B2A5D0015009F0EAF /* PBXContainerItemProxy */ = {
			isa = PBXContainerItemProxy;
			containerPortal = 26C7A8822A5D0014009F0EAF /* Project object */;
			proxyType = 1;
			remoteGlobalIDString = 26C7A8892A5D0014009F0EAF;
			remoteInfo = Vitagochi;
		};
		26C7A8A52A5D0015009F0EAF /* PBXContainerItemProxy */ = {
			isa = PBXContainerItemProxy;
			containerPortal = 26C7A8822A5D0014009F0EAF /* Project object */;
			proxyType = 1;
			remoteGlobalIDString = 26C7A8892A5D0014009F0EAF;
			remoteInfo = Vitagochi;
		};
/* End PBXContainerItemProxy section */

/* Begin PBXCopyFilesBuildPhase section */
		06E47BBA2A66A36A00EEC8AE /* Embed Foundation Extensions */ = {
			isa = PBXCopyFilesBuildPhase;
			buildActionMask = 2147483647;
			dstPath = "";
			dstSubfolderSpec = 13;
			files = (
				06E47BB92A66A36A00EEC8AE /* VitaWidgetExtension.appex in Embed Foundation Extensions */,
			);
			name = "Embed Foundation Extensions";
			runOnlyForDeploymentPostprocessing = 0;
		};
/* End PBXCopyFilesBuildPhase section */

/* Begin PBXFileReference section */
		067CB9092A6D3BAD00D1B0C3 /* VitaMoodConfig.swift */ = {isa = PBXFileReference; lastKnownFileType = sourcecode.swift; path = VitaMoodConfig.swift; sourceTree = "<group>"; };
		06E47BA42A66A36900EEC8AE /* VitaWidgetExtension.appex */ = {isa = PBXFileReference; explicitFileType = "wrapper.app-extension"; includeInIndex = 0; path = VitaWidgetExtension.appex; sourceTree = BUILT_PRODUCTS_DIR; };
		06E47BA62A66A36900EEC8AE /* WidgetKit.framework */ = {isa = PBXFileReference; lastKnownFileType = wrapper.framework; name = WidgetKit.framework; path = System/Library/Frameworks/WidgetKit.framework; sourceTree = SDKROOT; };
		06E47BA82A66A36900EEC8AE /* SwiftUI.framework */ = {isa = PBXFileReference; lastKnownFileType = wrapper.framework; name = SwiftUI.framework; path = System/Library/Frameworks/SwiftUI.framework; sourceTree = SDKROOT; };
		06E47BAB2A66A36900EEC8AE /* VitaWidgetBundle.swift */ = {isa = PBXFileReference; lastKnownFileType = sourcecode.swift; path = VitaWidgetBundle.swift; sourceTree = "<group>"; };
		06E47BAD2A66A36900EEC8AE /* VitaWidgetLiveActivity.swift */ = {isa = PBXFileReference; lastKnownFileType = sourcecode.swift; path = VitaWidgetLiveActivity.swift; sourceTree = "<group>"; };
		06E47BAF2A66A36900EEC8AE /* VitaWidget.swift */ = {isa = PBXFileReference; lastKnownFileType = sourcecode.swift; path = VitaWidget.swift; sourceTree = "<group>"; };
		06E47BB12A66A36900EEC8AE /* VitaWidget.intentdefinition */ = {isa = PBXFileReference; lastKnownFileType = file.intentdefinition; path = VitaWidget.intentdefinition; sourceTree = "<group>"; };
		06E47BB22A66A36A00EEC8AE /* Assets.xcassets */ = {isa = PBXFileReference; lastKnownFileType = folder.assetcatalog; path = Assets.xcassets; sourceTree = "<group>"; };
		06E47BB42A66A36A00EEC8AE /* Info.plist */ = {isa = PBXFileReference; lastKnownFileType = text.plist.xml; path = Info.plist; sourceTree = "<group>"; };
		26138BA72A69813600FEACBD /* LevelUpViewModel.swift */ = {isa = PBXFileReference; lastKnownFileType = sourcecode.swift; path = LevelUpViewModel.swift; sourceTree = "<group>"; };
		2618F0172A6A32A30008ED82 /* UserDefaults+Codable.swift */ = {isa = PBXFileReference; lastKnownFileType = sourcecode.swift; path = "UserDefaults+Codable.swift"; sourceTree = "<group>"; };
		2623C22B2A5EE24100F820E8 /* View+ConditionalModifier.swift */ = {isa = PBXFileReference; lastKnownFileType = sourcecode.swift; path = "View+ConditionalModifier.swift"; sourceTree = "<group>"; };
		2623C2312A5EF02200F820E8 /* VerticalPicker.swift */ = {isa = PBXFileReference; lastKnownFileType = sourcecode.swift; path = VerticalPicker.swift; sourceTree = "<group>"; };
		2623C2332A5EF68400F820E8 /* UIKitPickerView.swift */ = {isa = PBXFileReference; lastKnownFileType = sourcecode.swift; path = UIKitPickerView.swift; sourceTree = "<group>"; };
		264846682A5E471400396575 /* COMMIT.md */ = {isa = PBXFileReference; lastKnownFileType = net.daringfireball.markdown; path = COMMIT.md; sourceTree = "<group>"; };
		2648466A2A5E48BB00396575 /* UIScreen+Compact.swift */ = {isa = PBXFileReference; lastKnownFileType = sourcecode.swift; path = "UIScreen+Compact.swift"; sourceTree = "<group>"; };
		2648466D2A5E5AE800396575 /* ContentInfo.txt */ = {isa = PBXFileReference; lastKnownFileType = text; path = ContentInfo.txt; sourceTree = "<group>"; };
		264846732A5E5CF300396575 /* OnboardingSecond.swift */ = {isa = PBXFileReference; lastKnownFileType = sourcecode.swift; path = OnboardingSecond.swift; sourceTree = "<group>"; };
		264846752A5E5EB800396575 /* PrimaryButton.swift */ = {isa = PBXFileReference; lastKnownFileType = sourcecode.swift; path = PrimaryButton.swift; sourceTree = "<group>"; };
		264846772A5E61C300396575 /* CancelButton.swift */ = {isa = PBXFileReference; lastKnownFileType = sourcecode.swift; path = CancelButton.swift; sourceTree = "<group>"; };
		264846792A5E639D00396575 /* CounteredTextView.swift */ = {isa = PBXFileReference; lastKnownFileType = sourcecode.swift; path = CounteredTextView.swift; sourceTree = "<group>"; };
		2648467B2A5E643300396575 /* CounterTextFieldStyle.swift */ = {isa = PBXFileReference; lastKnownFileType = sourcecode.swift; path = CounterTextFieldStyle.swift; sourceTree = "<group>"; };
		2648467D2A5E6FA700396575 /* OnboardingViewModel.swift */ = {isa = PBXFileReference; lastKnownFileType = sourcecode.swift; path = OnboardingViewModel.swift; sourceTree = "<group>"; };
		2648467F2A5E743500396575 /* OnboardingThird.swift */ = {isa = PBXFileReference; lastKnownFileType = sourcecode.swift; path = OnboardingThird.swift; sourceTree = "<group>"; };
		264FA0612A6E9124006758A3 /* SplashScreen.swift */ = {isa = PBXFileReference; lastKnownFileType = sourcecode.swift; path = SplashScreen.swift; sourceTree = "<group>"; };
		264FA0642A6EB54A006758A3 /* NotificationHandler.swift */ = {isa = PBXFileReference; lastKnownFileType = sourcecode.swift; path = NotificationHandler.swift; sourceTree = "<group>"; };
		264FA0662A6EBB46006758A3 /* ReminderType.swift */ = {isa = PBXFileReference; lastKnownFileType = sourcecode.swift; path = ReminderType.swift; sourceTree = "<group>"; };
		265145932A69646F00042519 /* LevelUpView.swift */ = {isa = PBXFileReference; lastKnownFileType = sourcecode.swift; path = LevelUpView.swift; sourceTree = "<group>"; };
		265145992A69698F00042519 /* RoundedCornerShape.swift */ = {isa = PBXFileReference; lastKnownFileType = sourcecode.swift; path = RoundedCornerShape.swift; sourceTree = "<group>"; };
		2651459B2A697AF900042519 /* LevelUpProgressStyle.swift */ = {isa = PBXFileReference; lastKnownFileType = sourcecode.swift; path = LevelUpProgressStyle.swift; sourceTree = "<group>"; };
		2673E0112A5D014400429610 /* README.md */ = {isa = PBXFileReference; fileEncoding = 4; lastKnownFileType = net.daringfireball.markdown; path = README.md; sourceTree = "<group>"; };
		2673E0132A5D014900429610 /* LICENSE.txt */ = {isa = PBXFileReference; fileEncoding = 4; lastKnownFileType = text; path = LICENSE.txt; sourceTree = "<group>"; };
		2673E01C2A5D02CE00429610 /* ContentInfo.text */ = {isa = PBXFileReference; lastKnownFileType = net.daringfireball.markdown; path = ContentInfo.text; sourceTree = "<group>"; };
		2673E01F2A5D030A00429610 /* ContentInfo.txt */ = {isa = PBXFileReference; lastKnownFileType = text; path = ContentInfo.txt; sourceTree = "<group>"; };
		2673E0212A5D032E00429610 /* ContentInfo.txt */ = {isa = PBXFileReference; lastKnownFileType = text; path = ContentInfo.txt; sourceTree = "<group>"; };
		2673E0232A5D033F00429610 /* ContentInfo.txt */ = {isa = PBXFileReference; lastKnownFileType = text; path = ContentInfo.txt; sourceTree = "<group>"; };
		2673E0262A5D056D00429610 /* GlobalEnvirontment.swift */ = {isa = PBXFileReference; lastKnownFileType = sourcecode.swift; path = GlobalEnvirontment.swift; sourceTree = "<group>"; };
		2673E0282A5D05C400429610 /* AppDelegate.swift */ = {isa = PBXFileReference; lastKnownFileType = sourcecode.swift; path = AppDelegate.swift; sourceTree = "<group>"; };
		26A77B002A5FAE6A00B1C3A7 /* OnboardingTimePicker.swift */ = {isa = PBXFileReference; lastKnownFileType = sourcecode.swift; path = OnboardingTimePicker.swift; sourceTree = "<group>"; };
		26B0A31F2A6578BE0047FC6A /* OnboardingThirdRevision.swift */ = {isa = PBXFileReference; lastKnownFileType = sourcecode.swift; path = OnboardingThirdRevision.swift; sourceTree = "<group>"; };
		26B0A3212A657C0A0047FC6A /* Color+Hex.swift */ = {isa = PBXFileReference; lastKnownFileType = sourcecode.swift; path = "Color+Hex.swift"; sourceTree = "<group>"; };
		26B0A3232A657CDC0047FC6A /* UIColor+Hex.swift */ = {isa = PBXFileReference; lastKnownFileType = sourcecode.swift; path = "UIColor+Hex.swift"; sourceTree = "<group>"; };
		26B0A3272A65893B0047FC6A /* CollectiveDayTimePicker.swift */ = {isa = PBXFileReference; lastKnownFileType = sourcecode.swift; path = CollectiveDayTimePicker.swift; sourceTree = "<group>"; };
		26B0A3292A6595AD0047FC6A /* OnboardingFourth.swift */ = {isa = PBXFileReference; lastKnownFileType = sourcecode.swift; path = OnboardingFourth.swift; sourceTree = "<group>"; };
		26BC97EB2A5D0ED0003125B5 /* Color+Extend.swift */ = {isa = PBXFileReference; lastKnownFileType = sourcecode.swift; path = "Color+Extend.swift"; sourceTree = "<group>"; };
		26BC97F12A5D102E003125B5 /* OnboardingFirst.swift */ = {isa = PBXFileReference; lastKnownFileType = sourcecode.swift; path = OnboardingFirst.swift; sourceTree = "<group>"; };
		26C7A88A2A5D0014009F0EAF /* Vitagochi.app */ = {isa = PBXFileReference; explicitFileType = wrapper.application; includeInIndex = 0; path = Vitagochi.app; sourceTree = BUILT_PRODUCTS_DIR; };
		26C7A88D2A5D0014009F0EAF /* VitagochiApp.swift */ = {isa = PBXFileReference; lastKnownFileType = sourcecode.swift; path = VitagochiApp.swift; sourceTree = "<group>"; };
		26C7A8912A5D0015009F0EAF /* Assets.xcassets */ = {isa = PBXFileReference; lastKnownFileType = folder.assetcatalog; path = Assets.xcassets; sourceTree = "<group>"; };
		26C7A8942A5D0015009F0EAF /* Preview Assets.xcassets */ = {isa = PBXFileReference; lastKnownFileType = folder.assetcatalog; path = "Preview Assets.xcassets"; sourceTree = "<group>"; };
		26C7A89A2A5D0015009F0EAF /* VitagochiTests.xctest */ = {isa = PBXFileReference; explicitFileType = wrapper.cfbundle; includeInIndex = 0; path = VitagochiTests.xctest; sourceTree = BUILT_PRODUCTS_DIR; };
		26C7A89E2A5D0015009F0EAF /* VitagochiTests.swift */ = {isa = PBXFileReference; lastKnownFileType = sourcecode.swift; path = VitagochiTests.swift; sourceTree = "<group>"; };
		26C7A8A42A5D0015009F0EAF /* VitagochiUITests.xctest */ = {isa = PBXFileReference; explicitFileType = wrapper.cfbundle; includeInIndex = 0; path = VitagochiUITests.xctest; sourceTree = BUILT_PRODUCTS_DIR; };
		26C7A8A82A5D0015009F0EAF /* VitagochiUITests.swift */ = {isa = PBXFileReference; lastKnownFileType = sourcecode.swift; path = VitagochiUITests.swift; sourceTree = "<group>"; };
		26C7A8AA2A5D0015009F0EAF /* VitagochiUITestsLaunchTests.swift */ = {isa = PBXFileReference; lastKnownFileType = sourcecode.swift; path = VitagochiUITestsLaunchTests.swift; sourceTree = "<group>"; };
		CB0528592A6531A000649F22 /* Date+Extend.swift */ = {isa = PBXFileReference; lastKnownFileType = sourcecode.swift; path = "Date+Extend.swift"; sourceTree = "<group>"; };
		CB05285B2A6531F600649F22 /* VitachiTimePhase.swift */ = {isa = PBXFileReference; lastKnownFileType = sourcecode.swift; name = VitachiTimePhase.swift; path = Vitagochi/Models/VitachiTimePhase.swift; sourceTree = SOURCE_ROOT; };
		CB05285D2A65323900649F22 /* MainScene.swift */ = {isa = PBXFileReference; lastKnownFileType = sourcecode.swift; path = MainScene.swift; sourceTree = "<group>"; };
		CB0528602A653F9200649F22 /* RectangleBubleTextView.swift */ = {isa = PBXFileReference; lastKnownFileType = sourcecode.swift; path = RectangleBubleTextView.swift; sourceTree = "<group>"; };
		CB0528622A6546BF00649F22 /* CircularProgressView.swift */ = {isa = PBXFileReference; lastKnownFileType = sourcecode.swift; path = CircularProgressView.swift; sourceTree = "<group>"; };
		CB0528642A656BB500649F22 /* StatusLevelView.swift */ = {isa = PBXFileReference; lastKnownFileType = sourcecode.swift; path = StatusLevelView.swift; sourceTree = "<group>"; };
		CB0528662A65712500649F22 /* RootView.swift */ = {isa = PBXFileReference; lastKnownFileType = sourcecode.swift; path = RootView.swift; sourceTree = "<group>"; };
		CB0ACBFA2A6D615C00D5DF4D /* GalleryCard.swift */ = {isa = PBXFileReference; lastKnownFileType = sourcecode.swift; path = GalleryCard.swift; sourceTree = "<group>"; };
		CB0ACBFC2A6D7D8600D5DF4D /* BackgroundArc.swift */ = {isa = PBXFileReference; lastKnownFileType = sourcecode.swift; path = BackgroundArc.swift; sourceTree = "<group>"; };
		CB0ACBFF2A6D9F4100D5DF4D /* BadgesView.swift */ = {isa = PBXFileReference; lastKnownFileType = sourcecode.swift; path = BadgesView.swift; sourceTree = "<group>"; };
		CB2B5D982A66A0BA0099D404 /* MainSceneViewModel.swift */ = {isa = PBXFileReference; lastKnownFileType = sourcecode.swift; path = MainSceneViewModel.swift; sourceTree = "<group>"; };
		CB2B5D9A2A66B50B0099D404 /* VitachiMoodPhase.swift */ = {isa = PBXFileReference; lastKnownFileType = sourcecode.swift; name = VitachiMoodPhase.swift; path = Vitagochi/Models/VitachiMoodPhase.swift; sourceTree = SOURCE_ROOT; };
		CB2B5D9E2A66B96F0099D404 /* welcome.wav */ = {isa = PBXFileReference; lastKnownFileType = audio.wav; path = welcome.wav; sourceTree = "<group>"; };
		CB2B5DA12A66BA7B0099D404 /* beforeDayDefault1.wav */ = {isa = PBXFileReference; lastKnownFileType = audio.wav; path = beforeDayDefault1.wav; sourceTree = "<group>"; };
		CB2B5DA32A66BABA0099D404 /* beforeDayDefault2.wav */ = {isa = PBXFileReference; lastKnownFileType = audio.wav; path = beforeDayDefault2.wav; sourceTree = "<group>"; };
		CB2B5DA62A66BAFC0099D404 /* morningDefault1.wav */ = {isa = PBXFileReference; lastKnownFileType = audio.wav; path = morningDefault1.wav; sourceTree = "<group>"; };
		CB84A9CD2A6FCD75003F1251 /* VitaWidgetExtension.entitlements */ = {isa = PBXFileReference; lastKnownFileType = text.plist.entitlements; path = VitaWidgetExtension.entitlements; sourceTree = "<group>"; };
		CB84A9CE2A6FCE17003F1251 /* URL+Extend.swift */ = {isa = PBXFileReference; lastKnownFileType = sourcecode.swift; path = "URL+Extend.swift"; sourceTree = "<group>"; };
		CB9AA20A2A69F1B500BF8D76 /* eveningDefault1.wav */ = {isa = PBXFileReference; lastKnownFileType = audio.wav; path = eveningDefault1.wav; sourceTree = "<group>"; };
		CB9AA20B2A69F1B500BF8D76 /* afternoonHappy1.wav */ = {isa = PBXFileReference; lastKnownFileType = audio.wav; path = afternoonHappy1.wav; sourceTree = "<group>"; };
		CB9AA20C2A69F1B500BF8D76 /* happy1.wav */ = {isa = PBXFileReference; lastKnownFileType = audio.wav; path = happy1.wav; sourceTree = "<group>"; };
		CB9AA20D2A69F1B500BF8D76 /* afternoonDefault1.wav */ = {isa = PBXFileReference; lastKnownFileType = audio.wav; path = afternoonDefault1.wav; sourceTree = "<group>"; };
		CB9AA20E2A69F1B500BF8D76 /* afternoonAngry1.wav */ = {isa = PBXFileReference; lastKnownFileType = audio.wav; path = afternoonAngry1.wav; sourceTree = "<group>"; };
		CB9AA20F2A69F1B500BF8D76 /* morningHappy1.wav */ = {isa = PBXFileReference; lastKnownFileType = audio.wav; path = morningHappy1.wav; sourceTree = "<group>"; };
		CB9AA2102A69F1B500BF8D76 /* angry1.wav */ = {isa = PBXFileReference; lastKnownFileType = audio.wav; path = angry1.wav; sourceTree = "<group>"; };
		CB9AA2112A69F1B500BF8D76 /* afterDayDefault1.wav */ = {isa = PBXFileReference; lastKnownFileType = audio.wav; path = afterDayDefault1.wav; sourceTree = "<group>"; };
		CB9AA2122A69F1B500BF8D76 /* eveningHappy1.wav */ = {isa = PBXFileReference; lastKnownFileType = audio.wav; path = eveningHappy1.wav; sourceTree = "<group>"; };
		CB9AA2132A69F1B500BF8D76 /* eveningAngry1.wav */ = {isa = PBXFileReference; lastKnownFileType = audio.wav; path = eveningAngry1.wav; sourceTree = "<group>"; };
		CB9AA2242A6A414400BF8D76 /* CoreDataRepository.swift */ = {isa = PBXFileReference; lastKnownFileType = sourcecode.swift; path = CoreDataRepository.swift; sourceTree = "<group>"; };
		CB9AA2262A6AC9AB00BF8D76 /* TakePitcureButton.swift */ = {isa = PBXFileReference; lastKnownFileType = sourcecode.swift; path = TakePitcureButton.swift; sourceTree = "<group>"; };
		CB9FE2882A6932950091DE9C /* AppCoreContainer.xcdatamodel */ = {isa = PBXFileReference; lastKnownFileType = wrapper.xcdatamodel; path = AppCoreContainer.xcdatamodel; sourceTree = "<group>"; };
		CB9FE28A2A6933950091DE9C /* CoreDataManager.swift */ = {isa = PBXFileReference; lastKnownFileType = sourcecode.swift; path = CoreDataManager.swift; sourceTree = "<group>"; };
		CB9FE28C2A6934BE0091DE9C /* CoreDataEnvirontment.swift */ = {isa = PBXFileReference; lastKnownFileType = sourcecode.swift; path = CoreDataEnvirontment.swift; sourceTree = "<group>"; };
		CBA6418A2A6CCB530067D0F4 /* DetailTrackingView.swift */ = {isa = PBXFileReference; lastKnownFileType = sourcecode.swift; path = DetailTrackingView.swift; sourceTree = "<group>"; };
		CBAEECB82A70C0BF0094308D /* welcome.wav */ = {isa = PBXFileReference; lastKnownFileType = audio.wav; path = welcome.wav; sourceTree = "<group>"; };
		CBAEECBA2A70C0E50094308D /* beforeDayDefault1.wav */ = {isa = PBXFileReference; lastKnownFileType = audio.wav; path = beforeDayDefault1.wav; sourceTree = "<group>"; };
		CBAEECBC2A70C0ED0094308D /* beforeDayDefault2.wav */ = {isa = PBXFileReference; lastKnownFileType = audio.wav; path = beforeDayDefault2.wav; sourceTree = "<group>"; };
		CBAEECBE2A70C1400094308D /* morningDefault1.wav */ = {isa = PBXFileReference; lastKnownFileType = audio.wav; path = morningDefault1.wav; sourceTree = "<group>"; };
		CBAEECC12A70C1900094308D /* default1.wav */ = {isa = PBXFileReference; lastKnownFileType = audio.wav; path = default1.wav; sourceTree = "<group>"; };
		CBAEECC32A70C1FD0094308D /* morningAngry1.wav */ = {isa = PBXFileReference; lastKnownFileType = audio.wav; path = morningAngry1.wav; sourceTree = "<group>"; };
		CBAEECC52A70C2570094308D /* angry1.wav */ = {isa = PBXFileReference; lastKnownFileType = audio.wav; path = angry1.wav; sourceTree = "<group>"; };
		CBAEECC72A70C2840094308D /* morningHappy1.wav */ = {isa = PBXFileReference; lastKnownFileType = audio.wav; path = morningHappy1.wav; sourceTree = "<group>"; };
		CBAEECC92A70C2DD0094308D /* happy1.wav */ = {isa = PBXFileReference; lastKnownFileType = audio.wav; path = happy1.wav; sourceTree = "<group>"; };
		CBAEECCB2A70C3510094308D /* afternoonDefault1.wav */ = {isa = PBXFileReference; lastKnownFileType = audio.wav; path = afternoonDefault1.wav; sourceTree = "<group>"; };
		CBAEECCD2A70C3890094308D /* afternoonAngry1.wav */ = {isa = PBXFileReference; lastKnownFileType = audio.wav; path = afternoonAngry1.wav; sourceTree = "<group>"; };
		CBAEECCF2A70C3AB0094308D /* afternoonHappy1.wav */ = {isa = PBXFileReference; lastKnownFileType = audio.wav; path = afternoonHappy1.wav; sourceTree = "<group>"; };
		CBAEECD12A70C42A0094308D /* eveningDefault1.wav */ = {isa = PBXFileReference; lastKnownFileType = audio.wav; path = eveningDefault1.wav; sourceTree = "<group>"; };
		CBAEECD32A70C4B90094308D /* eveningAngry1.wav */ = {isa = PBXFileReference; lastKnownFileType = audio.wav; path = eveningAngry1.wav; sourceTree = "<group>"; };
		CBAEECD52A70C5740094308D /* eveningHappy1.wav */ = {isa = PBXFileReference; lastKnownFileType = audio.wav; path = eveningHappy1.wav; sourceTree = "<group>"; };
		CBAEECD82A70C5F20094308D /* afterDayDefault1.wav */ = {isa = PBXFileReference; lastKnownFileType = audio.wav; path = afterDayDefault1.wav; sourceTree = "<group>"; };
		CBAEECDB2A70C6570094308D /* sickDefault1.wav */ = {isa = PBXFileReference; lastKnownFileType = audio.wav; path = sickDefault1.wav; sourceTree = "<group>"; };
		CBAEECDC2A70C6570094308D /* sickDefault2.wav */ = {isa = PBXFileReference; lastKnownFileType = audio.wav; path = sickDefault2.wav; sourceTree = "<group>"; };
		CBAEECDD2A70C6570094308D /* sickAfter1.wav */ = {isa = PBXFileReference; lastKnownFileType = audio.wav; path = sickAfter1.wav; sourceTree = "<group>"; };
		CBB46C142A6B716500E9E0F8 /* BublbleArrow.swift */ = {isa = PBXFileReference; lastKnownFileType = sourcecode.swift; path = BublbleArrow.swift; sourceTree = "<group>"; };
		CBB46C162A6B719500E9E0F8 /* RoundedShapeBackground.swift */ = {isa = PBXFileReference; lastKnownFileType = sourcecode.swift; path = RoundedShapeBackground.swift; sourceTree = "<group>"; };
		CBB46C182A6B910200E9E0F8 /* VitaSkinModel.swift */ = {isa = PBXFileReference; lastKnownFileType = sourcecode.swift; path = VitaSkinModel.swift; sourceTree = "<group>"; };
		CBB46C202A6BCA7700E9E0F8 /* TrackingProgressView.swift */ = {isa = PBXFileReference; lastKnownFileType = sourcecode.swift; path = TrackingProgressView.swift; sourceTree = "<group>"; };
		CBB46C222A6BDFFD00E9E0F8 /* TabBarSection.swift */ = {isa = PBXFileReference; lastKnownFileType = sourcecode.swift; path = TabBarSection.swift; sourceTree = "<group>"; };
		CBB46C242A6BEA3800E9E0F8 /* ProgressListView.swift */ = {isa = PBXFileReference; lastKnownFileType = sourcecode.swift; path = ProgressListView.swift; sourceTree = "<group>"; };
		CBB46C262A6BEECF00E9E0F8 /* CircularProgressSection.swift */ = {isa = PBXFileReference; lastKnownFileType = sourcecode.swift; path = CircularProgressSection.swift; sourceTree = "<group>"; };
		CBD2D8802A67BC6700F603C7 /* PhotoTakeView.swift */ = {isa = PBXFileReference; lastKnownFileType = sourcecode.swift; path = PhotoTakeView.swift; sourceTree = "<group>"; };
		CBD2D8BD2A67C0FC00F603C7 /* ChatView.swift */ = {isa = PBXFileReference; lastKnownFileType = sourcecode.swift; path = ChatView.swift; sourceTree = "<group>"; };
		CBD2D8BF2A67C10E00F603C7 /* ChatViewModel.swift */ = {isa = PBXFileReference; lastKnownFileType = sourcecode.swift; name = ChatViewModel.swift; path = Vitagochi/ViewModels/ChatViewModel.swift; sourceTree = SOURCE_ROOT; };
		CBD2D8C42A682F8F00F603C7 /* VitaMessage.swift */ = {isa = PBXFileReference; lastKnownFileType = sourcecode.swift; path = VitaMessage.swift; sourceTree = "<group>"; };
		CBD2D8C62A682FD900F603C7 /* ChatBubbleView.swift */ = {isa = PBXFileReference; lastKnownFileType = sourcecode.swift; path = ChatBubbleView.swift; sourceTree = "<group>"; };
		CBD3E6912A6C324000665980 /* TrackingProgressViewModel.swift */ = {isa = PBXFileReference; lastKnownFileType = sourcecode.swift; path = TrackingProgressViewModel.swift; sourceTree = "<group>"; };
		CBE7BA1F2A66072C00E87AAA /* TabBarIconView.swift */ = {isa = PBXFileReference; lastKnownFileType = sourcecode.swift; path = TabBarIconView.swift; sourceTree = "<group>"; };
/* End PBXFileReference section */

/* Begin PBXFrameworksBuildPhase section */
		06E47BA12A66A36900EEC8AE /* Frameworks */ = {
			isa = PBXFrameworksBuildPhase;
			buildActionMask = 2147483647;
			files = (
				06E47BA92A66A36900EEC8AE /* SwiftUI.framework in Frameworks */,
				06E47BA72A66A36900EEC8AE /* WidgetKit.framework in Frameworks */,
			);
			runOnlyForDeploymentPostprocessing = 0;
		};
		26C7A8872A5D0014009F0EAF /* Frameworks */ = {
			isa = PBXFrameworksBuildPhase;
			buildActionMask = 2147483647;
			files = (
				266354CD2A6643B600C9605E /* NavigationTransitions in Frameworks */,
			);
			runOnlyForDeploymentPostprocessing = 0;
		};
		26C7A8972A5D0015009F0EAF /* Frameworks */ = {
			isa = PBXFrameworksBuildPhase;
			buildActionMask = 2147483647;
			files = (
			);
			runOnlyForDeploymentPostprocessing = 0;
		};
		26C7A8A12A5D0015009F0EAF /* Frameworks */ = {
			isa = PBXFrameworksBuildPhase;
			buildActionMask = 2147483647;
			files = (
			);
			runOnlyForDeploymentPostprocessing = 0;
		};
/* End PBXFrameworksBuildPhase section */

/* Begin PBXGroup section */
		06E47BA52A66A36900EEC8AE /* Frameworks */ = {
			isa = PBXGroup;
			children = (
				06E47BA62A66A36900EEC8AE /* WidgetKit.framework */,
				06E47BA82A66A36900EEC8AE /* SwiftUI.framework */,
			);
			name = Frameworks;
			sourceTree = "<group>";
		};
		06E47BAA2A66A36900EEC8AE /* VitaWidget */ = {
			isa = PBXGroup;
			children = (
				06E47BAB2A66A36900EEC8AE /* VitaWidgetBundle.swift */,
				06E47BAD2A66A36900EEC8AE /* VitaWidgetLiveActivity.swift */,
				06E47BAF2A66A36900EEC8AE /* VitaWidget.swift */,
				067CB9092A6D3BAD00D1B0C3 /* VitaMoodConfig.swift */,
				06E47BB12A66A36900EEC8AE /* VitaWidget.intentdefinition */,
				06E47BB22A66A36A00EEC8AE /* Assets.xcassets */,
				06E47BB42A66A36A00EEC8AE /* Info.plist */,
			);
			path = VitaWidget;
			sourceTree = "<group>";
		};
		2648466C2A5E572C00396575 /* Components */ = {
			isa = PBXGroup;
			children = (
				264846752A5E5EB800396575 /* PrimaryButton.swift */,
				264846772A5E61C300396575 /* CancelButton.swift */,
				264846792A5E639D00396575 /* CounteredTextView.swift */,
				2623C2312A5EF02200F820E8 /* VerticalPicker.swift */,
				2623C2332A5EF68400F820E8 /* UIKitPickerView.swift */,
				26A77B002A5FAE6A00B1C3A7 /* OnboardingTimePicker.swift */,
				CB0528602A653F9200649F22 /* RectangleBubleTextView.swift */,
				CB0528622A6546BF00649F22 /* CircularProgressView.swift */,
				CB0528642A656BB500649F22 /* StatusLevelView.swift */,
				CBE7BA1F2A66072C00E87AAA /* TabBarIconView.swift */,
				CBD2D8C62A682FD900F603C7 /* ChatBubbleView.swift */,
				26B0A3272A65893B0047FC6A /* CollectiveDayTimePicker.swift */,
				CB9AA2262A6AC9AB00BF8D76 /* TakePitcureButton.swift */,
				CBB46C222A6BDFFD00E9E0F8 /* TabBarSection.swift */,
				CBB46C262A6BEECF00E9E0F8 /* CircularProgressSection.swift */,
				CB0ACBFA2A6D615C00D5DF4D /* GalleryCard.swift */,
				2648466D2A5E5AE800396575 /* ContentInfo.txt */,
			);
			path = Components;
			sourceTree = "<group>";
		};
		265145982A69697900042519 /* Shapes */ = {
			isa = PBXGroup;
			children = (
				265145992A69698F00042519 /* RoundedCornerShape.swift */,
				CBB46C142A6B716500E9E0F8 /* BublbleArrow.swift */,
				CBB46C162A6B719500E9E0F8 /* RoundedShapeBackground.swift */,
				CB0ACBFC2A6D7D8600D5DF4D /* BackgroundArc.swift */,
			);
			path = Shapes;
			sourceTree = "<group>";
		};
		2673E0162A5D021C00429610 /* Lifecycle */ = {
			isa = PBXGroup;
			children = (
				2673E0282A5D05C400429610 /* AppDelegate.swift */,
				2673E0262A5D056D00429610 /* GlobalEnvirontment.swift */,
				CB9FE28C2A6934BE0091DE9C /* CoreDataEnvirontment.swift */,
				26C7A88D2A5D0014009F0EAF /* VitagochiApp.swift */,
				264FA0642A6EB54A006758A3 /* NotificationHandler.swift */,
				2673E01C2A5D02CE00429610 /* ContentInfo.text */,
			);
			path = Lifecycle;
			sourceTree = "<group>";
		};
		2673E0182A5D022A00429610 /* ViewModels */ = {
			isa = PBXGroup;
			children = (
				2648467D2A5E6FA700396575 /* OnboardingViewModel.swift */,
				26138BA72A69813600FEACBD /* LevelUpViewModel.swift */,
				CB2B5D982A66A0BA0099D404 /* MainSceneViewModel.swift */,
				CBD2D8BF2A67C10E00F603C7 /* ChatViewModel.swift */,
				CBD3E6912A6C324000665980 /* TrackingProgressViewModel.swift */,
			);
			path = ViewModels;
			sourceTree = "<group>";
		};
		2673E0192A5D023100429610 /* Views */ = {
			isa = PBXGroup;
			children = (
				CB0528662A65712500649F22 /* RootView.swift */,
				2673E0252A5D055500429610 /* Onboarding */,
				CB05285F2A65325A00649F22 /* Main */,
				CBD2D87F2A67BBE600F603C7 /* Chat */,
				CBB46C1C2A6BCA0300E9E0F8 /* LevelUp */,
				CBB46C1D2A6BCA2600E9E0F8 /* TrackingProgress */,
				CBA641892A6CCAFE0067D0F4 /* DetailTrackingProgress */,
				CB0ACBFE2A6D9F1A00D5DF4D /* Badges */,
				264FA0612A6E9124006758A3 /* SplashScreen.swift */,
			);
			path = Views;
			sourceTree = "<group>";
		};
		2673E01A2A5D024B00429610 /* Extensions */ = {
			isa = PBXGroup;
			children = (
				26BC97EB2A5D0ED0003125B5 /* Color+Extend.swift */,
				26B0A3212A657C0A0047FC6A /* Color+Hex.swift */,
				26B0A3232A657CDC0047FC6A /* UIColor+Hex.swift */,
				2648466A2A5E48BB00396575 /* UIScreen+Compact.swift */,
				2623C22B2A5EE24100F820E8 /* View+ConditionalModifier.swift */,
				CB0528592A6531A000649F22 /* Date+Extend.swift */,
				2618F0172A6A32A30008ED82 /* UserDefaults+Codable.swift */,
				CB84A9CE2A6FCE17003F1251 /* URL+Extend.swift */,
				2673E0232A5D033F00429610 /* ContentInfo.txt */,
			);
			path = Extensions;
			sourceTree = "<group>";
		};
		2673E01B2A5D025500429610 /* Utilities */ = {
			isa = PBXGroup;
			children = (
				2673E0212A5D032E00429610 /* ContentInfo.txt */,
			);
			path = Utilities;
			sourceTree = "<group>";
		};
		2673E01E2A5D02F400429610 /* Styles */ = {
			isa = PBXGroup;
			children = (
				2648467B2A5E643300396575 /* CounterTextFieldStyle.swift */,
				2673E01F2A5D030A00429610 /* ContentInfo.txt */,
				2651459B2A697AF900042519 /* LevelUpProgressStyle.swift */,
			);
			path = Styles;
			sourceTree = "<group>";
		};
		2673E0252A5D055500429610 /* Onboarding */ = {
			isa = PBXGroup;
			children = (
				26BC97F12A5D102E003125B5 /* OnboardingFirst.swift */,
				264846732A5E5CF300396575 /* OnboardingSecond.swift */,
				2648467F2A5E743500396575 /* OnboardingThird.swift */,
				26B0A31F2A6578BE0047FC6A /* OnboardingThirdRevision.swift */,
				26B0A3292A6595AD0047FC6A /* OnboardingFourth.swift */,
			);
			path = Onboarding;
			sourceTree = "<group>";
		};
		26BC97ED2A5D0FE4003125B5 /* Assets */ = {
			isa = PBXGroup;
			children = (
				CB2B5D9C2A66B8630099D404 /* Sound */,
				26BC97EE2A5D0FEC003125B5 /* Fonts */,
				26C7A8912A5D0015009F0EAF /* Assets.xcassets */,
			);
			path = Assets;
			sourceTree = "<group>";
		};
		26BC97EE2A5D0FEC003125B5 /* Fonts */ = {
			isa = PBXGroup;
			children = (
			);
			path = Fonts;
			sourceTree = "<group>";
		};
		26C7A8812A5D0014009F0EAF = {
			isa = PBXGroup;
			children = (
				CB84A9CD2A6FCD75003F1251 /* VitaWidgetExtension.entitlements */,
				264846682A5E471400396575 /* COMMIT.md */,
				2673E0132A5D014900429610 /* LICENSE.txt */,
				2673E0112A5D014400429610 /* README.md */,
				26C7A88C2A5D0014009F0EAF /* Vitagochi */,
				26C7A89D2A5D0015009F0EAF /* VitagochiTests */,
				26C7A8A72A5D0015009F0EAF /* VitagochiUITests */,
				06E47BAA2A66A36900EEC8AE /* VitaWidget */,
				06E47BA52A66A36900EEC8AE /* Frameworks */,
				26C7A88B2A5D0014009F0EAF /* Products */,
			);
			sourceTree = "<group>";
		};
		26C7A88B2A5D0014009F0EAF /* Products */ = {
			isa = PBXGroup;
			children = (
				26C7A88A2A5D0014009F0EAF /* Vitagochi.app */,
				26C7A89A2A5D0015009F0EAF /* VitagochiTests.xctest */,
				26C7A8A42A5D0015009F0EAF /* VitagochiUITests.xctest */,
				06E47BA42A66A36900EEC8AE /* VitaWidgetExtension.appex */,
			);
			name = Products;
			sourceTree = "<group>";
		};
		26C7A88C2A5D0014009F0EAF /* Vitagochi */ = {
			isa = PBXGroup;
			children = (
				26BC97ED2A5D0FE4003125B5 /* Assets */,
				2648466C2A5E572C00396575 /* Components */,
				CB9FE2862A6932630091DE9C /* CoreData */,
				2673E01A2A5D024B00429610 /* Extensions */,
				2673E0162A5D021C00429610 /* Lifecycle */,
				CBD2D8C32A682F6C00F603C7 /* Models */,
				265145982A69697900042519 /* Shapes */,
				2673E01E2A5D02F400429610 /* Styles */,
				2673E01B2A5D025500429610 /* Utilities */,
				2673E0182A5D022A00429610 /* ViewModels */,
				2673E0192A5D023100429610 /* Views */,
				26C7A8932A5D0015009F0EAF /* Preview Content */,
			);
			path = Vitagochi;
			sourceTree = "<group>";
		};
		26C7A8932A5D0015009F0EAF /* Preview Content */ = {
			isa = PBXGroup;
			children = (
				26C7A8942A5D0015009F0EAF /* Preview Assets.xcassets */,
			);
			path = "Preview Content";
			sourceTree = "<group>";
		};
		26C7A89D2A5D0015009F0EAF /* VitagochiTests */ = {
			isa = PBXGroup;
			children = (
				26C7A89E2A5D0015009F0EAF /* VitagochiTests.swift */,
			);
			path = VitagochiTests;
			sourceTree = "<group>";
		};
		26C7A8A72A5D0015009F0EAF /* VitagochiUITests */ = {
			isa = PBXGroup;
			children = (
				26C7A8A82A5D0015009F0EAF /* VitagochiUITests.swift */,
				26C7A8AA2A5D0015009F0EAF /* VitagochiUITestsLaunchTests.swift */,
			);
			path = VitagochiUITests;
			sourceTree = "<group>";
		};
		CB05285F2A65325A00649F22 /* Main */ = {
			isa = PBXGroup;
			children = (
				CB05285D2A65323900649F22 /* MainScene.swift */,
				CBD2D8802A67BC6700F603C7 /* PhotoTakeView.swift */,
			);
			path = Main;
			sourceTree = "<group>";
		};
		CB0ACBFE2A6D9F1A00D5DF4D /* Badges */ = {
			isa = PBXGroup;
			children = (
				CB0ACBFF2A6D9F4100D5DF4D /* BadgesView.swift */,
			);
			path = Badges;
			sourceTree = "<group>";
		};
		CB2B5D9C2A66B8630099D404 /* Sound */ = {
			isa = PBXGroup;
			children = (
				CBAEECB82A70C0BF0094308D /* welcome.wav */,
				CBAEECC02A70C1700094308D /* Default */,
				CB9AA21E2A69F20C00BF8D76 /* Angry */,
				CB9AA21F2A69F2A300BF8D76 /* Happy */,
				CB2B5D9D2A66B9250099D404 /* BeforeDay */,
				CB2B5DA52A66BAD60099D404 /* Morning */,
				CB9AA2202A69F36A00BF8D76 /* Afternoon */,
				CB9AA2212A69F43D00BF8D76 /* Evening */,
				CB9AA2222A69F51500BF8D76 /* AfterDay */,
				CBAEECDA2A70C63E0094308D /* Sick */,
			);
			path = Sound;
			sourceTree = "<group>";
		};
		CB2B5D9D2A66B9250099D404 /* BeforeDay */ = {
			isa = PBXGroup;
			children = (
				CBAEECBA2A70C0E50094308D /* beforeDayDefault1.wav */,
				CBAEECBC2A70C0ED0094308D /* beforeDayDefault2.wav */,
			);
			path = BeforeDay;
			sourceTree = "<group>";
		};
		CB2B5DA52A66BAD60099D404 /* Morning */ = {
			isa = PBXGroup;
			children = (
				CBAEECBE2A70C1400094308D /* morningDefault1.wav */,
				CBAEECC32A70C1FD0094308D /* morningAngry1.wav */,
				CBAEECC72A70C2840094308D /* morningHappy1.wav */,
			);
			path = Morning;
			sourceTree = "<group>";
		};
		CB9AA21E2A69F20C00BF8D76 /* Angry */ = {
			isa = PBXGroup;
			children = (
				CBAEECC52A70C2570094308D /* angry1.wav */,
			);
			path = Angry;
			sourceTree = "<group>";
		};
		CB9AA21F2A69F2A300BF8D76 /* Happy */ = {
			isa = PBXGroup;
			children = (
				CBAEECC92A70C2DD0094308D /* happy1.wav */,
			);
			path = Happy;
			sourceTree = "<group>";
		};
		CB9AA2202A69F36A00BF8D76 /* Afternoon */ = {
			isa = PBXGroup;
			children = (
				CBAEECCB2A70C3510094308D /* afternoonDefault1.wav */,
				CBAEECCD2A70C3890094308D /* afternoonAngry1.wav */,
				CBAEECCF2A70C3AB0094308D /* afternoonHappy1.wav */,
			);
			path = Afternoon;
			sourceTree = "<group>";
		};
		CB9AA2212A69F43D00BF8D76 /* Evening */ = {
			isa = PBXGroup;
			children = (
				CBAEECD12A70C42A0094308D /* eveningDefault1.wav */,
				CBAEECD32A70C4B90094308D /* eveningAngry1.wav */,
				CBAEECD52A70C5740094308D /* eveningHappy1.wav */,
			);
			path = Evening;
			sourceTree = "<group>";
		};
		CB9AA2222A69F51500BF8D76 /* AfterDay */ = {
			isa = PBXGroup;
			children = (
				CBAEECD82A70C5F20094308D /* afterDayDefault1.wav */,
			);
			path = AfterDay;
			sourceTree = "<group>";
		};
		CB9FE2862A6932630091DE9C /* CoreData */ = {
			isa = PBXGroup;
			children = (
				CB9FE2872A6932950091DE9C /* AppCoreContainer.xcdatamodeld */,
				CB9FE28A2A6933950091DE9C /* CoreDataManager.swift */,
			);
			path = CoreData;
			sourceTree = "<group>";
		};
		CBA641892A6CCAFE0067D0F4 /* DetailTrackingProgress */ = {
			isa = PBXGroup;
			children = (
				CBA6418A2A6CCB530067D0F4 /* DetailTrackingView.swift */,
			);
			path = DetailTrackingProgress;
			sourceTree = "<group>";
		};
		CBAEECC02A70C1700094308D /* Default */ = {
			isa = PBXGroup;
			children = (
				CBAEECC12A70C1900094308D /* default1.wav */,
			);
			path = Default;
			sourceTree = "<group>";
		};
		CBAEECDA2A70C63E0094308D /* Sick */ = {
			isa = PBXGroup;
			children = (
				CBAEECDB2A70C6570094308D /* sickDefault1.wav */,
				CBAEECDC2A70C6570094308D /* sickDefault2.wav */,
				CBAEECDD2A70C6570094308D /* sickAfter1.wav */,
			);
			path = Sick;
			sourceTree = "<group>";
		};
		CBB46C1C2A6BCA0300E9E0F8 /* LevelUp */ = {
			isa = PBXGroup;
			children = (
				265145932A69646F00042519 /* LevelUpView.swift */,
			);
			path = LevelUp;
			sourceTree = "<group>";
		};
		CBB46C1D2A6BCA2600E9E0F8 /* TrackingProgress */ = {
			isa = PBXGroup;
			children = (
				CBB46C202A6BCA7700E9E0F8 /* TrackingProgressView.swift */,
				CBB46C242A6BEA3800E9E0F8 /* ProgressListView.swift */,
			);
			path = TrackingProgress;
			sourceTree = "<group>";
		};
		CBD2D87F2A67BBE600F603C7 /* Chat */ = {
			isa = PBXGroup;
			children = (
				CBD2D8BD2A67C0FC00F603C7 /* ChatView.swift */,
			);
			path = Chat;
			sourceTree = "<group>";
		};
		CBD2D8C32A682F6C00F603C7 /* Models */ = {
			isa = PBXGroup;
			children = (
				CB9AA2242A6A414400BF8D76 /* CoreDataRepository.swift */,
				CB05285B2A6531F600649F22 /* VitachiTimePhase.swift */,
				CB2B5D9A2A66B50B0099D404 /* VitachiMoodPhase.swift */,
				CBB46C182A6B910200E9E0F8 /* VitaSkinModel.swift */,
				CBD2D8C42A682F8F00F603C7 /* VitaMessage.swift */,
				CBD2D8C42A682F8F00F603C7 /* Message.swift */,
				264FA0662A6EBB46006758A3 /* ReminderType.swift */,
			);
			path = Models;
			sourceTree = "<group>";
		};
/* End PBXGroup section */

/* Begin PBXNativeTarget section */
		06E47BA32A66A36900EEC8AE /* VitaWidgetExtension */ = {
			isa = PBXNativeTarget;
			buildConfigurationList = 06E47BBD2A66A36A00EEC8AE /* Build configuration list for PBXNativeTarget "VitaWidgetExtension" */;
			buildPhases = (
				06E47BA02A66A36900EEC8AE /* Sources */,
				06E47BA12A66A36900EEC8AE /* Frameworks */,
				06E47BA22A66A36900EEC8AE /* Resources */,
			);
			buildRules = (
			);
			dependencies = (
			);
			name = VitaWidgetExtension;
			productName = VitaWidgetExtension;
			productReference = 06E47BA42A66A36900EEC8AE /* VitaWidgetExtension.appex */;
			productType = "com.apple.product-type.app-extension";
		};
		26C7A8892A5D0014009F0EAF /* Vitagochi */ = {
			isa = PBXNativeTarget;
			buildConfigurationList = 26C7A8AE2A5D0015009F0EAF /* Build configuration list for PBXNativeTarget "Vitagochi" */;
			buildPhases = (
				26C7A8862A5D0014009F0EAF /* Sources */,
				26C7A8872A5D0014009F0EAF /* Frameworks */,
				26C7A8882A5D0014009F0EAF /* Resources */,
				06E47BBA2A66A36A00EEC8AE /* Embed Foundation Extensions */,
			);
			buildRules = (
			);
			dependencies = (
				06E47BB82A66A36A00EEC8AE /* PBXTargetDependency */,
			);
			name = Vitagochi;
			packageProductDependencies = (
				266354CC2A6643B600C9605E /* NavigationTransitions */,
			);
			productName = Vitagochi;
			productReference = 26C7A88A2A5D0014009F0EAF /* Vitagochi.app */;
			productType = "com.apple.product-type.application";
		};
		26C7A8992A5D0015009F0EAF /* VitagochiTests */ = {
			isa = PBXNativeTarget;
			buildConfigurationList = 26C7A8B12A5D0015009F0EAF /* Build configuration list for PBXNativeTarget "VitagochiTests" */;
			buildPhases = (
				26C7A8962A5D0015009F0EAF /* Sources */,
				26C7A8972A5D0015009F0EAF /* Frameworks */,
				26C7A8982A5D0015009F0EAF /* Resources */,
			);
			buildRules = (
			);
			dependencies = (
				26C7A89C2A5D0015009F0EAF /* PBXTargetDependency */,
			);
			name = VitagochiTests;
			productName = VitagochiTests;
			productReference = 26C7A89A2A5D0015009F0EAF /* VitagochiTests.xctest */;
			productType = "com.apple.product-type.bundle.unit-test";
		};
		26C7A8A32A5D0015009F0EAF /* VitagochiUITests */ = {
			isa = PBXNativeTarget;
			buildConfigurationList = 26C7A8B42A5D0015009F0EAF /* Build configuration list for PBXNativeTarget "VitagochiUITests" */;
			buildPhases = (
				26C7A8A02A5D0015009F0EAF /* Sources */,
				26C7A8A12A5D0015009F0EAF /* Frameworks */,
				26C7A8A22A5D0015009F0EAF /* Resources */,
			);
			buildRules = (
			);
			dependencies = (
				26C7A8A62A5D0015009F0EAF /* PBXTargetDependency */,
			);
			name = VitagochiUITests;
			productName = VitagochiUITests;
			productReference = 26C7A8A42A5D0015009F0EAF /* VitagochiUITests.xctest */;
			productType = "com.apple.product-type.bundle.ui-testing";
		};
/* End PBXNativeTarget section */

/* Begin PBXProject section */
		26C7A8822A5D0014009F0EAF /* Project object */ = {
			isa = PBXProject;
			attributes = {
				BuildIndependentTargetsInParallel = 1;
				LastSwiftUpdateCheck = 1430;
				LastUpgradeCheck = 1430;
				TargetAttributes = {
					06E47BA32A66A36900EEC8AE = {
						CreatedOnToolsVersion = 14.3;
					};
					26C7A8892A5D0014009F0EAF = {
						CreatedOnToolsVersion = 14.3.1;
					};
					26C7A8992A5D0015009F0EAF = {
						CreatedOnToolsVersion = 14.3.1;
						TestTargetID = 26C7A8892A5D0014009F0EAF;
					};
					26C7A8A32A5D0015009F0EAF = {
						CreatedOnToolsVersion = 14.3.1;
						TestTargetID = 26C7A8892A5D0014009F0EAF;
					};
				};
			};
			buildConfigurationList = 26C7A8852A5D0014009F0EAF /* Build configuration list for PBXProject "Vitagochi" */;
			compatibilityVersion = "Xcode 14.0";
			developmentRegion = en;
			hasScannedForEncodings = 0;
			knownRegions = (
				en,
				Base,
			);
			mainGroup = 26C7A8812A5D0014009F0EAF;
			packageReferences = (
				266354CB2A6643B500C9605E /* XCRemoteSwiftPackageReference "swiftui-navigation-transitions" */,
			);
			productRefGroup = 26C7A88B2A5D0014009F0EAF /* Products */;
			projectDirPath = "";
			projectRoot = "";
			targets = (
				26C7A8892A5D0014009F0EAF /* Vitagochi */,
				26C7A8992A5D0015009F0EAF /* VitagochiTests */,
				26C7A8A32A5D0015009F0EAF /* VitagochiUITests */,
				06E47BA32A66A36900EEC8AE /* VitaWidgetExtension */,
			);
		};
/* End PBXProject section */

/* Begin PBXResourcesBuildPhase section */
		06E47BA22A66A36900EEC8AE /* Resources */ = {
			isa = PBXResourcesBuildPhase;
			buildActionMask = 2147483647;
			files = (
				06E47BB32A66A36A00EEC8AE /* Assets.xcassets in Resources */,
			);
			runOnlyForDeploymentPostprocessing = 0;
		};
		26C7A8882A5D0014009F0EAF /* Resources */ = {
			isa = PBXResourcesBuildPhase;
			buildActionMask = 2147483647;
			files = (
				CBAEECD62A70C5740094308D /* eveningHappy1.wav in Resources */,
				CBAEECCA2A70C2DD0094308D /* happy1.wav in Resources */,
				CBAEECD42A70C4B90094308D /* eveningAngry1.wav in Resources */,
				CBAEECD22A70C42A0094308D /* eveningDefault1.wav in Resources */,
				CBAEECBB2A70C0E50094308D /* beforeDayDefault1.wav in Resources */,
				CBAEECBF2A70C1400094308D /* morningDefault1.wav in Resources */,
				CBAEECC62A70C2570094308D /* angry1.wav in Resources */,
				CBAEECC42A70C1FD0094308D /* morningAngry1.wav in Resources */,
				2673E0142A5D014900429610 /* LICENSE.txt in Resources */,
				2673E0122A5D014400429610 /* README.md in Resources */,
				264846692A5E471400396575 /* COMMIT.md in Resources */,
				CBAEECD02A70C3AC0094308D /* afternoonHappy1.wav in Resources */,
				CBAEECCE2A70C3890094308D /* afternoonAngry1.wav in Resources */,
				CBAEECDE2A70C6570094308D /* sickDefault1.wav in Resources */,
				CBAEECC82A70C2840094308D /* morningHappy1.wav in Resources */,
				CBAEECBD2A70C0ED0094308D /* beforeDayDefault2.wav in Resources */,
				CBAEECB92A70C0BF0094308D /* welcome.wav in Resources */,
				CBAEECC22A70C1900094308D /* default1.wav in Resources */,
				26C7A8952A5D0015009F0EAF /* Preview Assets.xcassets in Resources */,
				CBAEECDF2A70C6570094308D /* sickDefault2.wav in Resources */,
				26C7A8922A5D0015009F0EAF /* Assets.xcassets in Resources */,
				CBAEECD92A70C5F20094308D /* afterDayDefault1.wav in Resources */,
				CBAEECCC2A70C3510094308D /* afternoonDefault1.wav in Resources */,
				CBAEECE02A70C6570094308D /* sickAfter1.wav in Resources */,
			);
			runOnlyForDeploymentPostprocessing = 0;
		};
		26C7A8982A5D0015009F0EAF /* Resources */ = {
			isa = PBXResourcesBuildPhase;
			buildActionMask = 2147483647;
			files = (
			);
			runOnlyForDeploymentPostprocessing = 0;
		};
		26C7A8A22A5D0015009F0EAF /* Resources */ = {
			isa = PBXResourcesBuildPhase;
			buildActionMask = 2147483647;
			files = (
			);
			runOnlyForDeploymentPostprocessing = 0;
		};
/* End PBXResourcesBuildPhase section */

/* Begin PBXSourcesBuildPhase section */
		06E47BA02A66A36900EEC8AE /* Sources */ = {
			isa = PBXSourcesBuildPhase;
			buildActionMask = 2147483647;
			files = (
				0679307A2A6F9E4C008F853E /* VitachiMoodPhase.swift in Sources */,
				067930792A6F9E31008F853E /* Message.swift in Sources */,
				067930782A6F9E2B008F853E /* VitaSkinModel.swift in Sources */,
				067930772A6F9DF9008F853E /* AppCoreContainer.xcdatamodeld in Sources */,
				067930762A6F9DC3008F853E /* Date+Extend.swift in Sources */,
				067930752A6F9DA0008F853E /* CoreDataEnvirontment.swift in Sources */,
				067930742A6F9D97008F853E /* CoreDataManager.swift in Sources */,
				067930732A6F9D8E008F853E /* CoreDataRepository.swift in Sources */,
				067930722A6F9C49008F853E /* ReminderType.swift in Sources */,
				067930712A6F9C30008F853E /* UserDefaults+Codable.swift in Sources */,
				067930702A6F9C1A008F853E /* VitachiTimePhase.swift in Sources */,
				0679306F2A6F9C10008F853E /* GlobalEnvirontment.swift in Sources */,
				0679306E2A6F9C0A008F853E /* NotificationHandler.swift in Sources */,
				0679306D2A6F9B64008F853E /* AppDelegate.swift in Sources */,
				067CB9042A68E57A00D1B0C3 /* Color+Extend.swift in Sources */,
				067CB9052A68E57A00D1B0C3 /* Color+Hex.swift in Sources */,
				067CB9062A68E57A00D1B0C3 /* UIColor+Hex.swift in Sources */,
				067CB9072A68E57A00D1B0C3 /* UIScreen+Compact.swift in Sources */,
				067CB9082A68E57A00D1B0C3 /* View+ConditionalModifier.swift in Sources */,
				06E47BB52A66A36A00EEC8AE /* VitaWidget.intentdefinition in Sources */,
				CB84A9D12A6FF6C8003F1251 /* LevelUpProgressStyle.swift in Sources */,
				06E47BB02A66A36900EEC8AE /* VitaWidget.swift in Sources */,
				06E47BAE2A66A36900EEC8AE /* VitaWidgetLiveActivity.swift in Sources */,
				067CB90B2A6D3BAD00D1B0C3 /* VitaMoodConfig.swift in Sources */,
				06E47BAC2A66A36900EEC8AE /* VitaWidgetBundle.swift in Sources */,
				CB84A9D02A6FD18F003F1251 /* URL+Extend.swift in Sources */,
			);
			runOnlyForDeploymentPostprocessing = 0;
		};
		26C7A8862A5D0014009F0EAF /* Sources */ = {
			isa = PBXSourcesBuildPhase;
			buildActionMask = 2147483647;
			files = (
				264FA0622A6E9124006758A3 /* SplashScreen.swift in Sources */,
				CBE7BA202A66072C00E87AAA /* TabBarIconView.swift in Sources */,
				CBD2D8BE2A67C0FC00F603C7 /* ChatView.swift in Sources */,
				264846762A5E5EB800396575 /* PrimaryButton.swift in Sources */,
				CBB46C172A6B719500E9E0F8 /* RoundedShapeBackground.swift in Sources */,
				CB2B5D992A66A0BA0099D404 /* MainSceneViewModel.swift in Sources */,
				CB0528672A65712500649F22 /* RootView.swift in Sources */,
				CBD2D8812A67BC6700F603C7 /* PhotoTakeView.swift in Sources */,
				CB2B5D9B2A66B50B0099D404 /* VitachiMoodPhase.swift in Sources */,
				264846742A5E5CF300396575 /* OnboardingSecond.swift in Sources */,
				2623C22C2A5EE24100F820E8 /* View+ConditionalModifier.swift in Sources */,
				264846782A5E61C300396575 /* CancelButton.swift in Sources */,
				06E47BB62A66A36A00EEC8AE /* VitaWidget.intentdefinition in Sources */,
				CB0528652A656BB500649F22 /* StatusLevelView.swift in Sources */,
				CB05285C2A6531F600649F22 /* VitachiTimePhase.swift in Sources */,
				2648467C2A5E643300396575 /* CounterTextFieldStyle.swift in Sources */,
				26BC97F22A5D102E003125B5 /* OnboardingFirst.swift in Sources */,
				2673E0292A5D05C400429610 /* AppDelegate.swift in Sources */,
				CB05285E2A65323900649F22 /* MainScene.swift in Sources */,
				264FA0652A6EB54A006758A3 /* NotificationHandler.swift in Sources */,
				CB0ACBFB2A6D615C00D5DF4D /* GalleryCard.swift in Sources */,
				CB0528612A653F9200649F22 /* RectangleBubleTextView.swift in Sources */,
				CB0528632A6546BF00649F22 /* CircularProgressView.swift in Sources */,
				CB9FE2892A6932950091DE9C /* AppCoreContainer.xcdatamodeld in Sources */,
				26B0A3222A657C0A0047FC6A /* Color+Hex.swift in Sources */,
				26B0A3202A6578BE0047FC6A /* OnboardingThirdRevision.swift in Sources */,
				265145942A69646F00042519 /* LevelUpView.swift in Sources */,
				26B0A3242A657CDC0047FC6A /* UIColor+Hex.swift in Sources */,
				26BC97EC2A5D0ED0003125B5 /* Color+Extend.swift in Sources */,
				26A77B012A5FAE6A00B1C3A7 /* OnboardingTimePicker.swift in Sources */,
				CBD2D8C52A682F8F00F603C7 /* VitaMessage.swift in Sources */,
				CB9FE28D2A6934BE0091DE9C /* CoreDataEnvirontment.swift in Sources */,
				2623C2322A5EF02200F820E8 /* VerticalPicker.swift in Sources */,
				CBD3E6922A6C324000665980 /* TrackingProgressViewModel.swift in Sources */,
				CBB46C192A6B910200E9E0F8 /* VitaSkinModel.swift in Sources */,
				CB0ACBFD2A6D7D8600D5DF4D /* BackgroundArc.swift in Sources */,
				CBD2D8C72A682FD900F603C7 /* ChatBubbleView.swift in Sources */,
				CB84A9CF2A6FCE17003F1251 /* URL+Extend.swift in Sources */,
				CB0ACC002A6D9F4100D5DF4D /* BadgesView.swift in Sources */,
				26138BA82A69813600FEACBD /* LevelUpViewModel.swift in Sources */,
				CB9AA2272A6AC9AB00BF8D76 /* TakePitcureButton.swift in Sources */,
				2648467E2A5E6FA700396575 /* OnboardingViewModel.swift in Sources */,
				2648466B2A5E48BB00396575 /* UIScreen+Compact.swift in Sources */,
				067CB90A2A6D3BAD00D1B0C3 /* VitaMoodConfig.swift in Sources */,
				CBB46C252A6BEA3800E9E0F8 /* ProgressListView.swift in Sources */,
				264846802A5E743500396575 /* OnboardingThird.swift in Sources */,
				26C7A88E2A5D0014009F0EAF /* VitagochiApp.swift in Sources */,
				26B0A3282A65893B0047FC6A /* CollectiveDayTimePicker.swift in Sources */,
				2651459C2A697AF900042519 /* LevelUpProgressStyle.swift in Sources */,
				2673E0272A5D056D00429610 /* GlobalEnvirontment.swift in Sources */,
				CBB46C212A6BCA7700E9E0F8 /* TrackingProgressView.swift in Sources */,
				CB9FE28B2A6933950091DE9C /* CoreDataManager.swift in Sources */,
				CBA6418B2A6CCB530067D0F4 /* DetailTrackingView.swift in Sources */,
				2648467A2A5E639D00396575 /* CounteredTextView.swift in Sources */,
				26B0A32A2A6595AD0047FC6A /* OnboardingFourth.swift in Sources */,
				2618F0182A6A32A30008ED82 /* UserDefaults+Codable.swift in Sources */,
				CB9AA2252A6A414400BF8D76 /* CoreDataRepository.swift in Sources */,
				2651459A2A69698F00042519 /* RoundedCornerShape.swift in Sources */,
				CBB46C232A6BDFFD00E9E0F8 /* TabBarSection.swift in Sources */,
				2623C2342A5EF68400F820E8 /* UIKitPickerView.swift in Sources */,
				CBD2D8C02A67C10E00F603C7 /* ChatViewModel.swift in Sources */,
				CB05285A2A6531A000649F22 /* Date+Extend.swift in Sources */,
				264FA0672A6EBB46006758A3 /* ReminderType.swift in Sources */,
				CBB46C152A6B716500E9E0F8 /* BublbleArrow.swift in Sources */,
				CBB46C272A6BEECF00E9E0F8 /* CircularProgressSection.swift in Sources */,
			);
			runOnlyForDeploymentPostprocessing = 0;
		};
		26C7A8962A5D0015009F0EAF /* Sources */ = {
			isa = PBXSourcesBuildPhase;
			buildActionMask = 2147483647;
			files = (
				264FA06E2A6F6F41006758A3 /* VitachiTimePhase.swift in Sources */,
				264FA06C2A6F6EDE006758A3 /* ReminderType.swift in Sources */,
				26C7A89F2A5D0015009F0EAF /* VitagochiTests.swift in Sources */,
			);
			runOnlyForDeploymentPostprocessing = 0;
		};
		26C7A8A02A5D0015009F0EAF /* Sources */ = {
			isa = PBXSourcesBuildPhase;
			buildActionMask = 2147483647;
			files = (
				26C7A8A92A5D0015009F0EAF /* VitagochiUITests.swift in Sources */,
				26C7A8AB2A5D0015009F0EAF /* VitagochiUITestsLaunchTests.swift in Sources */,
			);
			runOnlyForDeploymentPostprocessing = 0;
		};
/* End PBXSourcesBuildPhase section */

/* Begin PBXTargetDependency section */
		06E47BB82A66A36A00EEC8AE /* PBXTargetDependency */ = {
			isa = PBXTargetDependency;
			target = 06E47BA32A66A36900EEC8AE /* VitaWidgetExtension */;
			targetProxy = 06E47BB72A66A36A00EEC8AE /* PBXContainerItemProxy */;
		};
		26C7A89C2A5D0015009F0EAF /* PBXTargetDependency */ = {
			isa = PBXTargetDependency;
			target = 26C7A8892A5D0014009F0EAF /* Vitagochi */;
			targetProxy = 26C7A89B2A5D0015009F0EAF /* PBXContainerItemProxy */;
		};
		26C7A8A62A5D0015009F0EAF /* PBXTargetDependency */ = {
			isa = PBXTargetDependency;
			target = 26C7A8892A5D0014009F0EAF /* Vitagochi */;
			targetProxy = 26C7A8A52A5D0015009F0EAF /* PBXContainerItemProxy */;
		};
/* End PBXTargetDependency section */

/* Begin XCBuildConfiguration section */
		06E47BBB2A66A36A00EEC8AE /* Debug */ = {
			isa = XCBuildConfiguration;
			buildSettings = {
				ASSETCATALOG_COMPILER_GLOBAL_ACCENT_COLOR_NAME = AccentColor;
				ASSETCATALOG_COMPILER_WIDGET_BACKGROUND_COLOR_NAME = WidgetBackground;
				CODE_SIGN_ENTITLEMENTS = VitaWidgetExtension.entitlements;
				CODE_SIGN_STYLE = Automatic;
				CURRENT_PROJECT_VERSION = 1;
				DEVELOPMENT_TEAM = BS6K64RQ23;
				GENERATE_INFOPLIST_FILE = YES;
				INFOPLIST_FILE = VitaWidget/Info.plist;
				INFOPLIST_KEY_CFBundleDisplayName = VitaWidget;
				INFOPLIST_KEY_LSApplicationCategoryType = "";
				INFOPLIST_KEY_NSHumanReadableCopyright = "";
				LD_RUNPATH_SEARCH_PATHS = (
					"$(inherited)",
					"@executable_path/Frameworks",
					"@executable_path/../../Frameworks",
				);
				MARKETING_VERSION = 1.0;
				PRODUCT_BUNDLE_IDENTIFIER = com.minusone.Vitagochi.VitaWidget;
				PRODUCT_NAME = "$(TARGET_NAME)";
				SKIP_INSTALL = YES;
				SWIFT_EMIT_LOC_STRINGS = YES;
				SWIFT_VERSION = 5.0;
				TARGETED_DEVICE_FAMILY = "1,2";
			};
			name = Debug;
		};
		06E47BBC2A66A36A00EEC8AE /* Release */ = {
			isa = XCBuildConfiguration;
			buildSettings = {
				ASSETCATALOG_COMPILER_GLOBAL_ACCENT_COLOR_NAME = AccentColor;
				ASSETCATALOG_COMPILER_WIDGET_BACKGROUND_COLOR_NAME = WidgetBackground;
				CODE_SIGN_ENTITLEMENTS = VitaWidgetExtension.entitlements;
				CODE_SIGN_STYLE = Automatic;
				CURRENT_PROJECT_VERSION = 1;
				DEVELOPMENT_TEAM = BS6K64RQ23;
				GENERATE_INFOPLIST_FILE = YES;
				INFOPLIST_FILE = VitaWidget/Info.plist;
				INFOPLIST_KEY_CFBundleDisplayName = VitaWidget;
				INFOPLIST_KEY_LSApplicationCategoryType = "";
				INFOPLIST_KEY_NSHumanReadableCopyright = "";
				LD_RUNPATH_SEARCH_PATHS = (
					"$(inherited)",
					"@executable_path/Frameworks",
					"@executable_path/../../Frameworks",
				);
				MARKETING_VERSION = 1.0;
				PRODUCT_BUNDLE_IDENTIFIER = com.minusone.Vitagochi.VitaWidget;
				PRODUCT_NAME = "$(TARGET_NAME)";
				SKIP_INSTALL = YES;
				SWIFT_EMIT_LOC_STRINGS = YES;
				SWIFT_VERSION = 5.0;
				TARGETED_DEVICE_FAMILY = "1,2";
			};
			name = Release;
		};
		26C7A8AC2A5D0015009F0EAF /* Debug */ = {
			isa = XCBuildConfiguration;
			buildSettings = {
				ALWAYS_SEARCH_USER_PATHS = NO;
				CLANG_ANALYZER_NONNULL = YES;
				CLANG_ANALYZER_NUMBER_OBJECT_CONVERSION = YES_AGGRESSIVE;
				CLANG_CXX_LANGUAGE_STANDARD = "gnu++20";
				CLANG_ENABLE_MODULES = YES;
				CLANG_ENABLE_OBJC_ARC = YES;
				CLANG_ENABLE_OBJC_WEAK = YES;
				CLANG_WARN_BLOCK_CAPTURE_AUTORELEASING = YES;
				CLANG_WARN_BOOL_CONVERSION = YES;
				CLANG_WARN_COMMA = YES;
				CLANG_WARN_CONSTANT_CONVERSION = YES;
				CLANG_WARN_DEPRECATED_OBJC_IMPLEMENTATIONS = YES;
				CLANG_WARN_DIRECT_OBJC_ISA_USAGE = YES_ERROR;
				CLANG_WARN_DOCUMENTATION_COMMENTS = YES;
				CLANG_WARN_EMPTY_BODY = YES;
				CLANG_WARN_ENUM_CONVERSION = YES;
				CLANG_WARN_INFINITE_RECURSION = YES;
				CLANG_WARN_INT_CONVERSION = YES;
				CLANG_WARN_NON_LITERAL_NULL_CONVERSION = YES;
				CLANG_WARN_OBJC_IMPLICIT_RETAIN_SELF = YES;
				CLANG_WARN_OBJC_LITERAL_CONVERSION = YES;
				CLANG_WARN_OBJC_ROOT_CLASS = YES_ERROR;
				CLANG_WARN_QUOTED_INCLUDE_IN_FRAMEWORK_HEADER = YES;
				CLANG_WARN_RANGE_LOOP_ANALYSIS = YES;
				CLANG_WARN_STRICT_PROTOTYPES = YES;
				CLANG_WARN_SUSPICIOUS_MOVE = YES;
				CLANG_WARN_UNGUARDED_AVAILABILITY = YES_AGGRESSIVE;
				CLANG_WARN_UNREACHABLE_CODE = YES;
				CLANG_WARN__DUPLICATE_METHOD_MATCH = YES;
				COPY_PHASE_STRIP = NO;
				DEBUG_INFORMATION_FORMAT = dwarf;
				ENABLE_STRICT_OBJC_MSGSEND = YES;
				ENABLE_TESTABILITY = YES;
				GCC_C_LANGUAGE_STANDARD = gnu11;
				GCC_DYNAMIC_NO_PIC = NO;
				GCC_NO_COMMON_BLOCKS = YES;
				GCC_OPTIMIZATION_LEVEL = 0;
				GCC_PREPROCESSOR_DEFINITIONS = (
					"DEBUG=1",
					"$(inherited)",
				);
				GCC_WARN_64_TO_32_BIT_CONVERSION = YES;
				GCC_WARN_ABOUT_RETURN_TYPE = YES_ERROR;
				GCC_WARN_UNDECLARED_SELECTOR = YES;
				GCC_WARN_UNINITIALIZED_AUTOS = YES_AGGRESSIVE;
				GCC_WARN_UNUSED_FUNCTION = YES;
				GCC_WARN_UNUSED_VARIABLE = YES;
				IPHONEOS_DEPLOYMENT_TARGET = 16.4;
				MTL_ENABLE_DEBUG_INFO = INCLUDE_SOURCE;
				MTL_FAST_MATH = YES;
				ONLY_ACTIVE_ARCH = YES;
				SDKROOT = iphoneos;
				SWIFT_ACTIVE_COMPILATION_CONDITIONS = DEBUG;
				SWIFT_OPTIMIZATION_LEVEL = "-Onone";
			};
			name = Debug;
		};
		26C7A8AD2A5D0015009F0EAF /* Release */ = {
			isa = XCBuildConfiguration;
			buildSettings = {
				ALWAYS_SEARCH_USER_PATHS = NO;
				CLANG_ANALYZER_NONNULL = YES;
				CLANG_ANALYZER_NUMBER_OBJECT_CONVERSION = YES_AGGRESSIVE;
				CLANG_CXX_LANGUAGE_STANDARD = "gnu++20";
				CLANG_ENABLE_MODULES = YES;
				CLANG_ENABLE_OBJC_ARC = YES;
				CLANG_ENABLE_OBJC_WEAK = YES;
				CLANG_WARN_BLOCK_CAPTURE_AUTORELEASING = YES;
				CLANG_WARN_BOOL_CONVERSION = YES;
				CLANG_WARN_COMMA = YES;
				CLANG_WARN_CONSTANT_CONVERSION = YES;
				CLANG_WARN_DEPRECATED_OBJC_IMPLEMENTATIONS = YES;
				CLANG_WARN_DIRECT_OBJC_ISA_USAGE = YES_ERROR;
				CLANG_WARN_DOCUMENTATION_COMMENTS = YES;
				CLANG_WARN_EMPTY_BODY = YES;
				CLANG_WARN_ENUM_CONVERSION = YES;
				CLANG_WARN_INFINITE_RECURSION = YES;
				CLANG_WARN_INT_CONVERSION = YES;
				CLANG_WARN_NON_LITERAL_NULL_CONVERSION = YES;
				CLANG_WARN_OBJC_IMPLICIT_RETAIN_SELF = YES;
				CLANG_WARN_OBJC_LITERAL_CONVERSION = YES;
				CLANG_WARN_OBJC_ROOT_CLASS = YES_ERROR;
				CLANG_WARN_QUOTED_INCLUDE_IN_FRAMEWORK_HEADER = YES;
				CLANG_WARN_RANGE_LOOP_ANALYSIS = YES;
				CLANG_WARN_STRICT_PROTOTYPES = YES;
				CLANG_WARN_SUSPICIOUS_MOVE = YES;
				CLANG_WARN_UNGUARDED_AVAILABILITY = YES_AGGRESSIVE;
				CLANG_WARN_UNREACHABLE_CODE = YES;
				CLANG_WARN__DUPLICATE_METHOD_MATCH = YES;
				COPY_PHASE_STRIP = NO;
				DEBUG_INFORMATION_FORMAT = "dwarf-with-dsym";
				ENABLE_NS_ASSERTIONS = NO;
				ENABLE_STRICT_OBJC_MSGSEND = YES;
				GCC_C_LANGUAGE_STANDARD = gnu11;
				GCC_NO_COMMON_BLOCKS = YES;
				GCC_WARN_64_TO_32_BIT_CONVERSION = YES;
				GCC_WARN_ABOUT_RETURN_TYPE = YES_ERROR;
				GCC_WARN_UNDECLARED_SELECTOR = YES;
				GCC_WARN_UNINITIALIZED_AUTOS = YES_AGGRESSIVE;
				GCC_WARN_UNUSED_FUNCTION = YES;
				GCC_WARN_UNUSED_VARIABLE = YES;
				IPHONEOS_DEPLOYMENT_TARGET = 16.4;
				MTL_ENABLE_DEBUG_INFO = NO;
				MTL_FAST_MATH = YES;
				SDKROOT = iphoneos;
				SWIFT_COMPILATION_MODE = wholemodule;
				SWIFT_OPTIMIZATION_LEVEL = "-O";
				VALIDATE_PRODUCT = YES;
			};
			name = Release;
		};
		26C7A8AF2A5D0015009F0EAF /* Debug */ = {
			isa = XCBuildConfiguration;
			buildSettings = {
				ALWAYS_EMBED_SWIFT_STANDARD_LIBRARIES = YES;
				ASSETCATALOG_COMPILER_APPICON_NAME = AppIcon;
				ASSETCATALOG_COMPILER_GLOBAL_ACCENT_COLOR_NAME = AccentColor;
				CODE_SIGN_ENTITLEMENTS = Vitagochi/Vitagochi.entitlements;
				CODE_SIGN_STYLE = Automatic;
				CURRENT_PROJECT_VERSION = 1;
				DEVELOPMENT_ASSET_PATHS = "\"Vitagochi/Preview Content\"";
				DEVELOPMENT_TEAM = BS6K64RQ23;
				ENABLE_PREVIEWS = YES;
				GENERATE_INFOPLIST_FILE = YES;
				INFOPLIST_FILE = Vitagochi/Info.plist;
				INFOPLIST_KEY_NSCameraUsageDescription = "For Taking Picture";
				INFOPLIST_KEY_UIApplicationSceneManifest_Generation = YES;
				INFOPLIST_KEY_UIApplicationSupportsIndirectInputEvents = YES;
				INFOPLIST_KEY_UILaunchScreen_Generation = YES;
				INFOPLIST_KEY_UISupportedInterfaceOrientations_iPad = "UIInterfaceOrientationPortrait UIInterfaceOrientationPortraitUpsideDown UIInterfaceOrientationLandscapeLeft UIInterfaceOrientationLandscapeRight";
				INFOPLIST_KEY_UISupportedInterfaceOrientations_iPhone = "UIInterfaceOrientationPortrait UIInterfaceOrientationLandscapeLeft UIInterfaceOrientationLandscapeRight";
				INFOPLIST_KEY_UIUserInterfaceStyle = Light;
				LD_RUNPATH_SEARCH_PATHS = (
					"$(inherited)",
					"@executable_path/Frameworks",
				);
				MARKETING_VERSION = 1.0;
				PRODUCT_BUNDLE_IDENTIFIER = com.minusone.Vitagochi;
				PRODUCT_NAME = "$(TARGET_NAME)";
				SWIFT_EMIT_LOC_STRINGS = YES;
				SWIFT_VERSION = 5.0;
				TARGETED_DEVICE_FAMILY = "1,2";
			};
			name = Debug;
		};
		26C7A8B02A5D0015009F0EAF /* Release */ = {
			isa = XCBuildConfiguration;
			buildSettings = {
				ALWAYS_EMBED_SWIFT_STANDARD_LIBRARIES = YES;
				ASSETCATALOG_COMPILER_APPICON_NAME = AppIcon;
				ASSETCATALOG_COMPILER_GLOBAL_ACCENT_COLOR_NAME = AccentColor;
				CODE_SIGN_ENTITLEMENTS = Vitagochi/Vitagochi.entitlements;
				CODE_SIGN_STYLE = Automatic;
				CURRENT_PROJECT_VERSION = 1;
				DEVELOPMENT_ASSET_PATHS = "\"Vitagochi/Preview Content\"";
				DEVELOPMENT_TEAM = BS6K64RQ23;
				ENABLE_PREVIEWS = YES;
				GENERATE_INFOPLIST_FILE = YES;
				INFOPLIST_FILE = Vitagochi/Info.plist;
				INFOPLIST_KEY_NSCameraUsageDescription = "For Taking Picture";
				INFOPLIST_KEY_UIApplicationSceneManifest_Generation = YES;
				INFOPLIST_KEY_UIApplicationSupportsIndirectInputEvents = YES;
				INFOPLIST_KEY_UILaunchScreen_Generation = YES;
				INFOPLIST_KEY_UISupportedInterfaceOrientations_iPad = "UIInterfaceOrientationPortrait UIInterfaceOrientationPortraitUpsideDown UIInterfaceOrientationLandscapeLeft UIInterfaceOrientationLandscapeRight";
				INFOPLIST_KEY_UISupportedInterfaceOrientations_iPhone = "UIInterfaceOrientationPortrait UIInterfaceOrientationLandscapeLeft UIInterfaceOrientationLandscapeRight";
				INFOPLIST_KEY_UIUserInterfaceStyle = Light;
				LD_RUNPATH_SEARCH_PATHS = (
					"$(inherited)",
					"@executable_path/Frameworks",
				);
				MARKETING_VERSION = 1.0;
				PRODUCT_BUNDLE_IDENTIFIER = com.minusone.Vitagochi;
				PRODUCT_NAME = "$(TARGET_NAME)";
				SWIFT_EMIT_LOC_STRINGS = YES;
				SWIFT_VERSION = 5.0;
				TARGETED_DEVICE_FAMILY = "1,2";
			};
			name = Release;
		};
		26C7A8B22A5D0015009F0EAF /* Debug */ = {
			isa = XCBuildConfiguration;
			buildSettings = {
				ALWAYS_EMBED_SWIFT_STANDARD_LIBRARIES = YES;
				BUNDLE_LOADER = "$(TEST_HOST)";
				CODE_SIGN_STYLE = Automatic;
				CURRENT_PROJECT_VERSION = 1;
				DEVELOPMENT_TEAM = 2W2FLHT9EF;
				GENERATE_INFOPLIST_FILE = YES;
				IPHONEOS_DEPLOYMENT_TARGET = 16.4;
				MARKETING_VERSION = 1.0;
				PRODUCT_BUNDLE_IDENTIFIER = com.minusone.VitagochiTests;
				PRODUCT_NAME = "$(TARGET_NAME)";
				SWIFT_EMIT_LOC_STRINGS = NO;
				SWIFT_VERSION = 5.0;
				TARGETED_DEVICE_FAMILY = "1,2";
				TEST_HOST = "$(BUILT_PRODUCTS_DIR)/Vitagochi.app/$(BUNDLE_EXECUTABLE_FOLDER_PATH)/Vitagochi";
			};
			name = Debug;
		};
		26C7A8B32A5D0015009F0EAF /* Release */ = {
			isa = XCBuildConfiguration;
			buildSettings = {
				ALWAYS_EMBED_SWIFT_STANDARD_LIBRARIES = YES;
				BUNDLE_LOADER = "$(TEST_HOST)";
				CODE_SIGN_STYLE = Automatic;
				CURRENT_PROJECT_VERSION = 1;
				DEVELOPMENT_TEAM = 2W2FLHT9EF;
				GENERATE_INFOPLIST_FILE = YES;
				IPHONEOS_DEPLOYMENT_TARGET = 16.4;
				MARKETING_VERSION = 1.0;
				PRODUCT_BUNDLE_IDENTIFIER = com.minusone.VitagochiTests;
				PRODUCT_NAME = "$(TARGET_NAME)";
				SWIFT_EMIT_LOC_STRINGS = NO;
				SWIFT_VERSION = 5.0;
				TARGETED_DEVICE_FAMILY = "1,2";
				TEST_HOST = "$(BUILT_PRODUCTS_DIR)/Vitagochi.app/$(BUNDLE_EXECUTABLE_FOLDER_PATH)/Vitagochi";
			};
			name = Release;
		};
		26C7A8B52A5D0015009F0EAF /* Debug */ = {
			isa = XCBuildConfiguration;
			buildSettings = {
				ALWAYS_EMBED_SWIFT_STANDARD_LIBRARIES = YES;
				CODE_SIGN_STYLE = Automatic;
				CURRENT_PROJECT_VERSION = 1;
				DEVELOPMENT_TEAM = 2W2FLHT9EF;
				GENERATE_INFOPLIST_FILE = YES;
				MARKETING_VERSION = 1.0;
				PRODUCT_BUNDLE_IDENTIFIER = com.minusone.VitagochiUITests;
				PRODUCT_NAME = "$(TARGET_NAME)";
				SWIFT_EMIT_LOC_STRINGS = NO;
				SWIFT_VERSION = 5.0;
				TARGETED_DEVICE_FAMILY = "1,2";
				TEST_TARGET_NAME = Vitagochi;
			};
			name = Debug;
		};
		26C7A8B62A5D0015009F0EAF /* Release */ = {
			isa = XCBuildConfiguration;
			buildSettings = {
				ALWAYS_EMBED_SWIFT_STANDARD_LIBRARIES = YES;
				CODE_SIGN_STYLE = Automatic;
				CURRENT_PROJECT_VERSION = 1;
				DEVELOPMENT_TEAM = 2W2FLHT9EF;
				GENERATE_INFOPLIST_FILE = YES;
				MARKETING_VERSION = 1.0;
				PRODUCT_BUNDLE_IDENTIFIER = com.minusone.VitagochiUITests;
				PRODUCT_NAME = "$(TARGET_NAME)";
				SWIFT_EMIT_LOC_STRINGS = NO;
				SWIFT_VERSION = 5.0;
				TARGETED_DEVICE_FAMILY = "1,2";
				TEST_TARGET_NAME = Vitagochi;
			};
			name = Release;
		};
/* End XCBuildConfiguration section */

/* Begin XCConfigurationList section */
		06E47BBD2A66A36A00EEC8AE /* Build configuration list for PBXNativeTarget "VitaWidgetExtension" */ = {
			isa = XCConfigurationList;
			buildConfigurations = (
				06E47BBB2A66A36A00EEC8AE /* Debug */,
				06E47BBC2A66A36A00EEC8AE /* Release */,
			);
			defaultConfigurationIsVisible = 0;
			defaultConfigurationName = Release;
		};
		26C7A8852A5D0014009F0EAF /* Build configuration list for PBXProject "Vitagochi" */ = {
			isa = XCConfigurationList;
			buildConfigurations = (
				26C7A8AC2A5D0015009F0EAF /* Debug */,
				26C7A8AD2A5D0015009F0EAF /* Release */,
			);
			defaultConfigurationIsVisible = 0;
			defaultConfigurationName = Release;
		};
		26C7A8AE2A5D0015009F0EAF /* Build configuration list for PBXNativeTarget "Vitagochi" */ = {
			isa = XCConfigurationList;
			buildConfigurations = (
				26C7A8AF2A5D0015009F0EAF /* Debug */,
				26C7A8B02A5D0015009F0EAF /* Release */,
			);
			defaultConfigurationIsVisible = 0;
			defaultConfigurationName = Release;
		};
		26C7A8B12A5D0015009F0EAF /* Build configuration list for PBXNativeTarget "VitagochiTests" */ = {
			isa = XCConfigurationList;
			buildConfigurations = (
				26C7A8B22A5D0015009F0EAF /* Debug */,
				26C7A8B32A5D0015009F0EAF /* Release */,
			);
			defaultConfigurationIsVisible = 0;
			defaultConfigurationName = Release;
		};
		26C7A8B42A5D0015009F0EAF /* Build configuration list for PBXNativeTarget "VitagochiUITests" */ = {
			isa = XCConfigurationList;
			buildConfigurations = (
				26C7A8B52A5D0015009F0EAF /* Debug */,
				26C7A8B62A5D0015009F0EAF /* Release */,
			);
			defaultConfigurationIsVisible = 0;
			defaultConfigurationName = Release;
		};
/* End XCConfigurationList section */

/* Begin XCRemoteSwiftPackageReference section */
		266354CB2A6643B500C9605E /* XCRemoteSwiftPackageReference "swiftui-navigation-transitions" */ = {
			isa = XCRemoteSwiftPackageReference;
			repositoryURL = "https://github.com/davdroman/swiftui-navigation-transitions";
			requirement = {
				kind = upToNextMajorVersion;
				minimumVersion = 0.10.1;
			};
		};
/* End XCRemoteSwiftPackageReference section */

/* Begin XCSwiftPackageProductDependency section */
		266354CC2A6643B600C9605E /* NavigationTransitions */ = {
			isa = XCSwiftPackageProductDependency;
			package = 266354CB2A6643B500C9605E /* XCRemoteSwiftPackageReference "swiftui-navigation-transitions" */;
			productName = NavigationTransitions;
		};
/* End XCSwiftPackageProductDependency section */

/* Begin XCVersionGroup section */
		CB9FE2872A6932950091DE9C /* AppCoreContainer.xcdatamodeld */ = {
			isa = XCVersionGroup;
			children = (
				CB9FE2882A6932950091DE9C /* AppCoreContainer.xcdatamodel */,
			);
			currentVersion = CB9FE2882A6932950091DE9C /* AppCoreContainer.xcdatamodel */;
			path = AppCoreContainer.xcdatamodeld;
			sourceTree = "<group>";
			versionGroupType = wrapper.xcdatamodel;
		};
/* End XCVersionGroup section */
	};
	rootObject = 26C7A8822A5D0014009F0EAF /* Project object */;
}
