// !$*UTF8*$!
{
	archiveVersion = 1;
	classes = {
	};
	objectVersion = 56;
	objects = {

/* Begin PBXBuildFile section */
		2623C22C2A5EE24100F820E8 /* View+ConditionalModifier.swift in Sources */ = {isa = PBXBuildFile; fileRef = 2623C22B2A5EE24100F820E8 /* View+ConditionalModifier.swift */; };
		2623C2322A5EF02200F820E8 /* VerticalPicker.swift in Sources */ = {isa = PBXBuildFile; fileRef = 2623C2312A5EF02200F820E8 /* VerticalPicker.swift */; };
		2623C2342A5EF68400F820E8 /* UIKitPickerView.swift in Sources */ = {isa = PBXBuildFile; fileRef = 2623C2332A5EF68400F820E8 /* UIKitPickerView.swift */; };
		264846692A5E471400396575 /* COMMIT.md in Resources */ = {isa = PBXBuildFile; fileRef = 264846682A5E471400396575 /* COMMIT.md */; };
		2648466B2A5E48BB00396575 /* UIScreen+Compact.swift in Sources */ = {isa = PBXBuildFile; fileRef = 2648466A2A5E48BB00396575 /* UIScreen+Compact.swift */; };
		264846742A5E5CF300396575 /* OnboardingSecond.swift in Sources */ = {isa = PBXBuildFile; fileRef = 264846732A5E5CF300396575 /* OnboardingSecond.swift */; };
		264846762A5E5EB800396575 /* PrimaryButton.swift in Sources */ = {isa = PBXBuildFile; fileRef = 264846752A5E5EB800396575 /* PrimaryButton.swift */; };
		264846782A5E61C300396575 /* CancelButton.swift in Sources */ = {isa = PBXBuildFile; fileRef = 264846772A5E61C300396575 /* CancelButton.swift */; };
		2648467A2A5E639D00396575 /* CounteredTextView.swift in Sources */ = {isa = PBXBuildFile; fileRef = 264846792A5E639D00396575 /* CounteredTextView.swift */; };
		2648467C2A5E643300396575 /* CounterTextFieldStyle.swift in Sources */ = {isa = PBXBuildFile; fileRef = 2648467B2A5E643300396575 /* CounterTextFieldStyle.swift */; };
		2648467E2A5E6FA700396575 /* OnboardingViewModel.swift in Sources */ = {isa = PBXBuildFile; fileRef = 2648467D2A5E6FA700396575 /* OnboardingViewModel.swift */; };
		264846802A5E743500396575 /* OnboardingThird.swift in Sources */ = {isa = PBXBuildFile; fileRef = 2648467F2A5E743500396575 /* OnboardingThird.swift */; };
		2673E0122A5D014400429610 /* README.md in Resources */ = {isa = PBXBuildFile; fileRef = 2673E0112A5D014400429610 /* README.md */; };
		2673E0142A5D014900429610 /* LICENSE.txt in Resources */ = {isa = PBXBuildFile; fileRef = 2673E0132A5D014900429610 /* LICENSE.txt */; };
		2673E0272A5D056D00429610 /* GlobalEnvirontment.swift in Sources */ = {isa = PBXBuildFile; fileRef = 2673E0262A5D056D00429610 /* GlobalEnvirontment.swift */; };
		2673E0292A5D05C400429610 /* AppDelegate.swift in Sources */ = {isa = PBXBuildFile; fileRef = 2673E0282A5D05C400429610 /* AppDelegate.swift */; };
		26A77B012A5FAE6A00B1C3A7 /* OnboardingTimePicker.swift in Sources */ = {isa = PBXBuildFile; fileRef = 26A77B002A5FAE6A00B1C3A7 /* OnboardingTimePicker.swift */; };
		26BC97EC2A5D0ED0003125B5 /* Color+Extend.swift in Sources */ = {isa = PBXBuildFile; fileRef = 26BC97EB2A5D0ED0003125B5 /* Color+Extend.swift */; };
		26BC97F22A5D102E003125B5 /* OnboardingFirst.swift in Sources */ = {isa = PBXBuildFile; fileRef = 26BC97F12A5D102E003125B5 /* OnboardingFirst.swift */; };
		26C7A88E2A5D0014009F0EAF /* VitagochiApp.swift in Sources */ = {isa = PBXBuildFile; fileRef = 26C7A88D2A5D0014009F0EAF /* VitagochiApp.swift */; };
		26C7A8922A5D0015009F0EAF /* Assets.xcassets in Resources */ = {isa = PBXBuildFile; fileRef = 26C7A8912A5D0015009F0EAF /* Assets.xcassets */; };
		26C7A8952A5D0015009F0EAF /* Preview Assets.xcassets in Resources */ = {isa = PBXBuildFile; fileRef = 26C7A8942A5D0015009F0EAF /* Preview Assets.xcassets */; };
		26C7A89F2A5D0015009F0EAF /* VitagochiTests.swift in Sources */ = {isa = PBXBuildFile; fileRef = 26C7A89E2A5D0015009F0EAF /* VitagochiTests.swift */; };
		26C7A8A92A5D0015009F0EAF /* VitagochiUITests.swift in Sources */ = {isa = PBXBuildFile; fileRef = 26C7A8A82A5D0015009F0EAF /* VitagochiUITests.swift */; };
		26C7A8AB2A5D0015009F0EAF /* VitagochiUITestsLaunchTests.swift in Sources */ = {isa = PBXBuildFile; fileRef = 26C7A8AA2A5D0015009F0EAF /* VitagochiUITestsLaunchTests.swift */; };
/* End PBXBuildFile section */

/* Begin PBXContainerItemProxy section */
		26C7A89B2A5D0015009F0EAF /* PBXContainerItemProxy */ = {
			isa = PBXContainerItemProxy;
			containerPortal = 26C7A8822A5D0014009F0EAF /* Project object */;
			proxyType = 1;
			remoteGlobalIDString = 26C7A8892A5D0014009F0EAF;
			remoteInfo = Vitagochi;
		};
		26C7A8A52A5D0015009F0EAF /* PBXContainerItemProxy */ = {
			isa = PBXContainerItemProxy;
			containerPortal = 26C7A8822A5D0014009F0EAF /* Project object */;
			proxyType = 1;
			remoteGlobalIDString = 26C7A8892A5D0014009F0EAF;
			remoteInfo = Vitagochi;
		};
/* End PBXContainerItemProxy section */

/* Begin PBXFileReference section */
		2623C22B2A5EE24100F820E8 /* View+ConditionalModifier.swift */ = {isa = PBXFileReference; lastKnownFileType = sourcecode.swift; path = "View+ConditionalModifier.swift"; sourceTree = "<group>"; };
		2623C2312A5EF02200F820E8 /* VerticalPicker.swift */ = {isa = PBXFileReference; lastKnownFileType = sourcecode.swift; path = VerticalPicker.swift; sourceTree = "<group>"; };
		2623C2332A5EF68400F820E8 /* UIKitPickerView.swift */ = {isa = PBXFileReference; lastKnownFileType = sourcecode.swift; path = UIKitPickerView.swift; sourceTree = "<group>"; };
		264846682A5E471400396575 /* COMMIT.md */ = {isa = PBXFileReference; lastKnownFileType = net.daringfireball.markdown; path = COMMIT.md; sourceTree = "<group>"; };
		2648466A2A5E48BB00396575 /* UIScreen+Compact.swift */ = {isa = PBXFileReference; lastKnownFileType = sourcecode.swift; path = "UIScreen+Compact.swift"; sourceTree = "<group>"; };
		2648466D2A5E5AE800396575 /* ContentInfo.txt */ = {isa = PBXFileReference; lastKnownFileType = text; path = ContentInfo.txt; sourceTree = "<group>"; };
		264846732A5E5CF300396575 /* OnboardingSecond.swift */ = {isa = PBXFileReference; lastKnownFileType = sourcecode.swift; path = OnboardingSecond.swift; sourceTree = "<group>"; };
		264846752A5E5EB800396575 /* PrimaryButton.swift */ = {isa = PBXFileReference; lastKnownFileType = sourcecode.swift; path = PrimaryButton.swift; sourceTree = "<group>"; };
		264846772A5E61C300396575 /* CancelButton.swift */ = {isa = PBXFileReference; lastKnownFileType = sourcecode.swift; path = CancelButton.swift; sourceTree = "<group>"; };
		264846792A5E639D00396575 /* CounteredTextView.swift */ = {isa = PBXFileReference; lastKnownFileType = sourcecode.swift; path = CounteredTextView.swift; sourceTree = "<group>"; };
		2648467B2A5E643300396575 /* CounterTextFieldStyle.swift */ = {isa = PBXFileReference; lastKnownFileType = sourcecode.swift; path = CounterTextFieldStyle.swift; sourceTree = "<group>"; };
		2648467D2A5E6FA700396575 /* OnboardingViewModel.swift */ = {isa = PBXFileReference; lastKnownFileType = sourcecode.swift; path = OnboardingViewModel.swift; sourceTree = "<group>"; };
		2648467F2A5E743500396575 /* OnboardingThird.swift */ = {isa = PBXFileReference; lastKnownFileType = sourcecode.swift; path = OnboardingThird.swift; sourceTree = "<group>"; };
		2673E0112A5D014400429610 /* README.md */ = {isa = PBXFileReference; fileEncoding = 4; lastKnownFileType = net.daringfireball.markdown; path = README.md; sourceTree = "<group>"; };
		2673E0132A5D014900429610 /* LICENSE.txt */ = {isa = PBXFileReference; fileEncoding = 4; lastKnownFileType = text; path = LICENSE.txt; sourceTree = "<group>"; };
		2673E01C2A5D02CE00429610 /* ContentInfo.text */ = {isa = PBXFileReference; lastKnownFileType = net.daringfireball.markdown; path = ContentInfo.text; sourceTree = "<group>"; };
		2673E01F2A5D030A00429610 /* ContentInfo.txt */ = {isa = PBXFileReference; lastKnownFileType = text; path = ContentInfo.txt; sourceTree = "<group>"; };
		2673E0212A5D032E00429610 /* ContentInfo.txt */ = {isa = PBXFileReference; lastKnownFileType = text; path = ContentInfo.txt; sourceTree = "<group>"; };
		2673E0232A5D033F00429610 /* ContentInfo.txt */ = {isa = PBXFileReference; lastKnownFileType = text; path = ContentInfo.txt; sourceTree = "<group>"; };
		2673E0262A5D056D00429610 /* GlobalEnvirontment.swift */ = {isa = PBXFileReference; lastKnownFileType = sourcecode.swift; path = GlobalEnvirontment.swift; sourceTree = "<group>"; };
		2673E0282A5D05C400429610 /* AppDelegate.swift */ = {isa = PBXFileReference; lastKnownFileType = sourcecode.swift; path = AppDelegate.swift; sourceTree = "<group>"; };
		26A77B002A5FAE6A00B1C3A7 /* OnboardingTimePicker.swift */ = {isa = PBXFileReference; lastKnownFileType = sourcecode.swift; path = OnboardingTimePicker.swift; sourceTree = "<group>"; };
		26BC97EB2A5D0ED0003125B5 /* Color+Extend.swift */ = {isa = PBXFileReference; lastKnownFileType = sourcecode.swift; path = "Color+Extend.swift"; sourceTree = "<group>"; };
		26BC97F12A5D102E003125B5 /* OnboardingFirst.swift */ = {isa = PBXFileReference; lastKnownFileType = sourcecode.swift; path = OnboardingFirst.swift; sourceTree = "<group>"; };
		26C7A88A2A5D0014009F0EAF /* Vitagochi.app */ = {isa = PBXFileReference; explicitFileType = wrapper.application; includeInIndex = 0; path = Vitagochi.app; sourceTree = BUILT_PRODUCTS_DIR; };
		26C7A88D2A5D0014009F0EAF /* VitagochiApp.swift */ = {isa = PBXFileReference; lastKnownFileType = sourcecode.swift; path = VitagochiApp.swift; sourceTree = "<group>"; };
		26C7A8912A5D0015009F0EAF /* Assets.xcassets */ = {isa = PBXFileReference; lastKnownFileType = folder.assetcatalog; path = Assets.xcassets; sourceTree = "<group>"; };
		26C7A8942A5D0015009F0EAF /* Preview Assets.xcassets */ = {isa = PBXFileReference; lastKnownFileType = folder.assetcatalog; path = "Preview Assets.xcassets"; sourceTree = "<group>"; };
		26C7A89A2A5D0015009F0EAF /* VitagochiTests.xctest */ = {isa = PBXFileReference; explicitFileType = wrapper.cfbundle; includeInIndex = 0; path = VitagochiTests.xctest; sourceTree = BUILT_PRODUCTS_DIR; };
		26C7A89E2A5D0015009F0EAF /* VitagochiTests.swift */ = {isa = PBXFileReference; lastKnownFileType = sourcecode.swift; path = VitagochiTests.swift; sourceTree = "<group>"; };
		26C7A8A42A5D0015009F0EAF /* VitagochiUITests.xctest */ = {isa = PBXFileReference; explicitFileType = wrapper.cfbundle; includeInIndex = 0; path = VitagochiUITests.xctest; sourceTree = BUILT_PRODUCTS_DIR; };
		26C7A8A82A5D0015009F0EAF /* VitagochiUITests.swift */ = {isa = PBXFileReference; lastKnownFileType = sourcecode.swift; path = VitagochiUITests.swift; sourceTree = "<group>"; };
		26C7A8AA2A5D0015009F0EAF /* VitagochiUITestsLaunchTests.swift */ = {isa = PBXFileReference; lastKnownFileType = sourcecode.swift; path = VitagochiUITestsLaunchTests.swift; sourceTree = "<group>"; };
/* End PBXFileReference section */

/* Begin PBXFrameworksBuildPhase section */
		26C7A8872A5D0014009F0EAF /* Frameworks */ = {
			isa = PBXFrameworksBuildPhase;
			buildActionMask = 2147483647;
			files = (
			);
			runOnlyForDeploymentPostprocessing = 0;
		};
		26C7A8972A5D0015009F0EAF /* Frameworks */ = {
			isa = PBXFrameworksBuildPhase;
			buildActionMask = 2147483647;
			files = (
			);
			runOnlyForDeploymentPostprocessing = 0;
		};
		26C7A8A12A5D0015009F0EAF /* Frameworks */ = {
			isa = PBXFrameworksBuildPhase;
			buildActionMask = 2147483647;
			files = (
			);
			runOnlyForDeploymentPostprocessing = 0;
		};
/* End PBXFrameworksBuildPhase section */

/* Begin PBXGroup section */
		2648466C2A5E572C00396575 /* Components */ = {
			isa = PBXGroup;
			children = (
				264846752A5E5EB800396575 /* PrimaryButton.swift */,
				264846772A5E61C300396575 /* CancelButton.swift */,
				264846792A5E639D00396575 /* CounteredTextView.swift */,
				2623C2312A5EF02200F820E8 /* VerticalPicker.swift */,
				2623C2332A5EF68400F820E8 /* UIKitPickerView.swift */,
				26A77B002A5FAE6A00B1C3A7 /* OnboardingTimePicker.swift */,
				2648466D2A5E5AE800396575 /* ContentInfo.txt */,
			);
			path = Components;
			sourceTree = "<group>";
		};
		2673E0162A5D021C00429610 /* Lifecycle */ = {
			isa = PBXGroup;
			children = (
				2673E0282A5D05C400429610 /* AppDelegate.swift */,
				2673E0262A5D056D00429610 /* GlobalEnvirontment.swift */,
				26C7A88D2A5D0014009F0EAF /* VitagochiApp.swift */,
				2673E01C2A5D02CE00429610 /* ContentInfo.text */,
			);
			path = Lifecycle;
			sourceTree = "<group>";
		};
		2673E0172A5D022600429610 /* Models */ = {
			isa = PBXGroup;
			children = (
			);
			path = Models;
			sourceTree = "<group>";
		};
		2673E0182A5D022A00429610 /* ViewModels */ = {
			isa = PBXGroup;
			children = (
				2648467D2A5E6FA700396575 /* OnboardingViewModel.swift */,
			);
			path = ViewModels;
			sourceTree = "<group>";
		};
		2673E0192A5D023100429610 /* Views */ = {
			isa = PBXGroup;
			children = (
				2673E0252A5D055500429610 /* Onboarding */,
			);
			path = Views;
			sourceTree = "<group>";
		};
		2673E01A2A5D024B00429610 /* Extensions */ = {
			isa = PBXGroup;
			children = (
				26BC97EB2A5D0ED0003125B5 /* Color+Extend.swift */,
				2648466A2A5E48BB00396575 /* UIScreen+Compact.swift */,
				2623C22B2A5EE24100F820E8 /* View+ConditionalModifier.swift */,
				2673E0232A5D033F00429610 /* ContentInfo.txt */,
			);
			path = Extensions;
			sourceTree = "<group>";
		};
		2673E01B2A5D025500429610 /* Utilities */ = {
			isa = PBXGroup;
			children = (
				2673E0212A5D032E00429610 /* ContentInfo.txt */,
			);
			path = Utilities;
			sourceTree = "<group>";
		};
		2673E01E2A5D02F400429610 /* Styles */ = {
			isa = PBXGroup;
			children = (
				2648467B2A5E643300396575 /* CounterTextFieldStyle.swift */,
				2673E01F2A5D030A00429610 /* ContentInfo.txt */,
			);
			path = Styles;
			sourceTree = "<group>";
		};
		2673E0252A5D055500429610 /* Onboarding */ = {
			isa = PBXGroup;
			children = (
				26BC97F12A5D102E003125B5 /* OnboardingFirst.swift */,
				264846732A5E5CF300396575 /* OnboardingSecond.swift */,
				2648467F2A5E743500396575 /* OnboardingThird.swift */,
			);
			path = Onboarding;
			sourceTree = "<group>";
		};
		26BC97ED2A5D0FE4003125B5 /* Assets */ = {
			isa = PBXGroup;
			children = (
				26BC97EE2A5D0FEC003125B5 /* Fonts */,
				26C7A8912A5D0015009F0EAF /* Assets.xcassets */,
			);
			path = Assets;
			sourceTree = "<group>";
		};
		26BC97EE2A5D0FEC003125B5 /* Fonts */ = {
			isa = PBXGroup;
			children = (
			);
			path = Fonts;
			sourceTree = "<group>";
		};
		26C7A8812A5D0014009F0EAF = {
			isa = PBXGroup;
			children = (
				264846682A5E471400396575 /* COMMIT.md */,
				2673E0132A5D014900429610 /* LICENSE.txt */,
				2673E0112A5D014400429610 /* README.md */,
				26C7A88C2A5D0014009F0EAF /* Vitagochi */,
				26C7A89D2A5D0015009F0EAF /* VitagochiTests */,
				26C7A8A72A5D0015009F0EAF /* VitagochiUITests */,
				26C7A88B2A5D0014009F0EAF /* Products */,
			);
			sourceTree = "<group>";
		};
		26C7A88B2A5D0014009F0EAF /* Products */ = {
			isa = PBXGroup;
			children = (
				26C7A88A2A5D0014009F0EAF /* Vitagochi.app */,
				26C7A89A2A5D0015009F0EAF /* VitagochiTests.xctest */,
				26C7A8A42A5D0015009F0EAF /* VitagochiUITests.xctest */,
			);
			name = Products;
			sourceTree = "<group>";
		};
		26C7A88C2A5D0014009F0EAF /* Vitagochi */ = {
			isa = PBXGroup;
			children = (
				26BC97ED2A5D0FE4003125B5 /* Assets */,
				2648466C2A5E572C00396575 /* Components */,
				2673E01A2A5D024B00429610 /* Extensions */,
				2673E0162A5D021C00429610 /* Lifecycle */,
				2673E0172A5D022600429610 /* Models */,
				2673E01E2A5D02F400429610 /* Styles */,
				2673E01B2A5D025500429610 /* Utilities */,
				2673E0182A5D022A00429610 /* ViewModels */,
				2673E0192A5D023100429610 /* Views */,
				26C7A8932A5D0015009F0EAF /* Preview Content */,
			);
			path = Vitagochi;
			sourceTree = "<group>";
		};
		26C7A8932A5D0015009F0EAF /* Preview Content */ = {
			isa = PBXGroup;
			children = (
				26C7A8942A5D0015009F0EAF /* Preview Assets.xcassets */,
			);
			path = "Preview Content";
			sourceTree = "<group>";
		};
		26C7A89D2A5D0015009F0EAF /* VitagochiTests */ = {
			isa = PBXGroup;
			children = (
				26C7A89E2A5D0015009F0EAF /* VitagochiTests.swift */,
			);
			path = VitagochiTests;
			sourceTree = "<group>";
		};
		26C7A8A72A5D0015009F0EAF /* VitagochiUITests */ = {
			isa = PBXGroup;
			children = (
				26C7A8A82A5D0015009F0EAF /* VitagochiUITests.swift */,
				26C7A8AA2A5D0015009F0EAF /* VitagochiUITestsLaunchTests.swift */,
			);
			path = VitagochiUITests;
			sourceTree = "<group>";
		};
/* End PBXGroup section */

/* Begin PBXNativeTarget section */
		26C7A8892A5D0014009F0EAF /* Vitagochi */ = {
			isa = PBXNativeTarget;
			buildConfigurationList = 26C7A8AE2A5D0015009F0EAF /* Build configuration list for PBXNativeTarget "Vitagochi" */;
			buildPhases = (
				26C7A8862A5D0014009F0EAF /* Sources */,
				26C7A8872A5D0014009F0EAF /* Frameworks */,
				26C7A8882A5D0014009F0EAF /* Resources */,
			);
			buildRules = (
			);
			dependencies = (
			);
			name = Vitagochi;
			productName = Vitagochi;
			productReference = 26C7A88A2A5D0014009F0EAF /* Vitagochi.app */;
			productType = "com.apple.product-type.application";
		};
		26C7A8992A5D0015009F0EAF /* VitagochiTests */ = {
			isa = PBXNativeTarget;
			buildConfigurationList = 26C7A8B12A5D0015009F0EAF /* Build configuration list for PBXNativeTarget "VitagochiTests" */;
			buildPhases = (
				26C7A8962A5D0015009F0EAF /* Sources */,
				26C7A8972A5D0015009F0EAF /* Frameworks */,
				26C7A8982A5D0015009F0EAF /* Resources */,
			);
			buildRules = (
			);
			dependencies = (
				26C7A89C2A5D0015009F0EAF /* PBXTargetDependency */,
			);
			name = VitagochiTests;
			productName = VitagochiTests;
			productReference = 26C7A89A2A5D0015009F0EAF /* VitagochiTests.xctest */;
			productType = "com.apple.product-type.bundle.unit-test";
		};
		26C7A8A32A5D0015009F0EAF /* VitagochiUITests */ = {
			isa = PBXNativeTarget;
			buildConfigurationList = 26C7A8B42A5D0015009F0EAF /* Build configuration list for PBXNativeTarget "VitagochiUITests" */;
			buildPhases = (
				26C7A8A02A5D0015009F0EAF /* Sources */,
				26C7A8A12A5D0015009F0EAF /* Frameworks */,
				26C7A8A22A5D0015009F0EAF /* Resources */,
			);
			buildRules = (
			);
			dependencies = (
				26C7A8A62A5D0015009F0EAF /* PBXTargetDependency */,
			);
			name = VitagochiUITests;
			productName = VitagochiUITests;
			productReference = 26C7A8A42A5D0015009F0EAF /* VitagochiUITests.xctest */;
			productType = "com.apple.product-type.bundle.ui-testing";
		};
/* End PBXNativeTarget section */

/* Begin PBXProject section */
		26C7A8822A5D0014009F0EAF /* Project object */ = {
			isa = PBXProject;
			attributes = {
				BuildIndependentTargetsInParallel = 1;
				LastSwiftUpdateCheck = 1430;
				LastUpgradeCheck = 1430;
				TargetAttributes = {
					26C7A8892A5D0014009F0EAF = {
						CreatedOnToolsVersion = 14.3.1;
					};
					26C7A8992A5D0015009F0EAF = {
						CreatedOnToolsVersion = 14.3.1;
						TestTargetID = 26C7A8892A5D0014009F0EAF;
					};
					26C7A8A32A5D0015009F0EAF = {
						CreatedOnToolsVersion = 14.3.1;
						TestTargetID = 26C7A8892A5D0014009F0EAF;
					};
				};
			};
			buildConfigurationList = 26C7A8852A5D0014009F0EAF /* Build configuration list for PBXProject "Vitagochi" */;
			compatibilityVersion = "Xcode 14.0";
			developmentRegion = en;
			hasScannedForEncodings = 0;
			knownRegions = (
				en,
				Base,
			);
			mainGroup = 26C7A8812A5D0014009F0EAF;
			productRefGroup = 26C7A88B2A5D0014009F0EAF /* Products */;
			projectDirPath = "";
			projectRoot = "";
			targets = (
				26C7A8892A5D0014009F0EAF /* Vitagochi */,
				26C7A8992A5D0015009F0EAF /* VitagochiTests */,
				26C7A8A32A5D0015009F0EAF /* VitagochiUITests */,
			);
		};
/* End PBXProject section */

/* Begin PBXResourcesBuildPhase section */
		26C7A8882A5D0014009F0EAF /* Resources */ = {
			isa = PBXResourcesBuildPhase;
			buildActionMask = 2147483647;
			files = (
				2673E0142A5D014900429610 /* LICENSE.txt in Resources */,
				2673E0122A5D014400429610 /* README.md in Resources */,
				264846692A5E471400396575 /* COMMIT.md in Resources */,
				26C7A8952A5D0015009F0EAF /* Preview Assets.xcassets in Resources */,
				26C7A8922A5D0015009F0EAF /* Assets.xcassets in Resources */,
			);
			runOnlyForDeploymentPostprocessing = 0;
		};
		26C7A8982A5D0015009F0EAF /* Resources */ = {
			isa = PBXResourcesBuildPhase;
			buildActionMask = 2147483647;
			files = (
			);
			runOnlyForDeploymentPostprocessing = 0;
		};
		26C7A8A22A5D0015009F0EAF /* Resources */ = {
			isa = PBXResourcesBuildPhase;
			buildActionMask = 2147483647;
			files = (
			);
			runOnlyForDeploymentPostprocessing = 0;
		};
/* End PBXResourcesBuildPhase section */

/* Begin PBXSourcesBuildPhase section */
		26C7A8862A5D0014009F0EAF /* Sources */ = {
			isa = PBXSourcesBuildPhase;
			buildActionMask = 2147483647;
			files = (
				264846762A5E5EB800396575 /* PrimaryButton.swift in Sources */,
				264846742A5E5CF300396575 /* OnboardingSecond.swift in Sources */,
				2623C22C2A5EE24100F820E8 /* View+ConditionalModifier.swift in Sources */,
				264846782A5E61C300396575 /* CancelButton.swift in Sources */,
				2648467C2A5E643300396575 /* CounterTextFieldStyle.swift in Sources */,
				26BC97F22A5D102E003125B5 /* OnboardingFirst.swift in Sources */,
				2673E0292A5D05C400429610 /* AppDelegate.swift in Sources */,
				26BC97EC2A5D0ED0003125B5 /* Color+Extend.swift in Sources */,
				26A77B012A5FAE6A00B1C3A7 /* OnboardingTimePicker.swift in Sources */,
				2623C2322A5EF02200F820E8 /* VerticalPicker.swift in Sources */,
				2648467E2A5E6FA700396575 /* OnboardingViewModel.swift in Sources */,
				2648466B2A5E48BB00396575 /* UIScreen+Compact.swift in Sources */,
				264846802A5E743500396575 /* OnboardingThird.swift in Sources */,
				26C7A88E2A5D0014009F0EAF /* VitagochiApp.swift in Sources */,
				2673E0272A5D056D00429610 /* GlobalEnvirontment.swift in Sources */,
				2648467A2A5E639D00396575 /* CounteredTextView.swift in Sources */,
				2623C2342A5EF68400F820E8 /* UIKitPickerView.swift in Sources */,
			);
			runOnlyForDeploymentPostprocessing = 0;
		};
		26C7A8962A5D0015009F0EAF /* Sources */ = {
			isa = PBXSourcesBuildPhase;
			buildActionMask = 2147483647;
			files = (
				26C7A89F2A5D0015009F0EAF /* VitagochiTests.swift in Sources */,
			);
			runOnlyForDeploymentPostprocessing = 0;
		};
		26C7A8A02A5D0015009F0EAF /* Sources */ = {
			isa = PBXSourcesBuildPhase;
			buildActionMask = 2147483647;
			files = (
				26C7A8A92A5D0015009F0EAF /* VitagochiUITests.swift in Sources */,
				26C7A8AB2A5D0015009F0EAF /* VitagochiUITestsLaunchTests.swift in Sources */,
			);
			runOnlyForDeploymentPostprocessing = 0;
		};
/* End PBXSourcesBuildPhase section */

/* Begin PBXTargetDependency section */
		26C7A89C2A5D0015009F0EAF /* PBXTargetDependency */ = {
			isa = PBXTargetDependency;
			target = 26C7A8892A5D0014009F0EAF /* Vitagochi */;
			targetProxy = 26C7A89B2A5D0015009F0EAF /* PBXContainerItemProxy */;
		};
		26C7A8A62A5D0015009F0EAF /* PBXTargetDependency */ = {
			isa = PBXTargetDependency;
			target = 26C7A8892A5D0014009F0EAF /* Vitagochi */;
			targetProxy = 26C7A8A52A5D0015009F0EAF /* PBXContainerItemProxy */;
		};
/* End PBXTargetDependency section */

/* Begin XCBuildConfiguration section */
		26C7A8AC2A5D0015009F0EAF /* Debug */ = {
			isa = XCBuildConfiguration;
			buildSettings = {
				ALWAYS_SEARCH_USER_PATHS = NO;
				CLANG_ANALYZER_NONNULL = YES;
				CLANG_ANALYZER_NUMBER_OBJECT_CONVERSION = YES_AGGRESSIVE;
				CLANG_CXX_LANGUAGE_STANDARD = "gnu++20";
				CLANG_ENABLE_MODULES = YES;
				CLANG_ENABLE_OBJC_ARC = YES;
				CLANG_ENABLE_OBJC_WEAK = YES;
				CLANG_WARN_BLOCK_CAPTURE_AUTORELEASING = YES;
				CLANG_WARN_BOOL_CONVERSION = YES;
				CLANG_WARN_COMMA = YES;
				CLANG_WARN_CONSTANT_CONVERSION = YES;
				CLANG_WARN_DEPRECATED_OBJC_IMPLEMENTATIONS = YES;
				CLANG_WARN_DIRECT_OBJC_ISA_USAGE = YES_ERROR;
				CLANG_WARN_DOCUMENTATION_COMMENTS = YES;
				CLANG_WARN_EMPTY_BODY = YES;
				CLANG_WARN_ENUM_CONVERSION = YES;
				CLANG_WARN_INFINITE_RECURSION = YES;
				CLANG_WARN_INT_CONVERSION = YES;
				CLANG_WARN_NON_LITERAL_NULL_CONVERSION = YES;
				CLANG_WARN_OBJC_IMPLICIT_RETAIN_SELF = YES;
				CLANG_WARN_OBJC_LITERAL_CONVERSION = YES;
				CLANG_WARN_OBJC_ROOT_CLASS = YES_ERROR;
				CLANG_WARN_QUOTED_INCLUDE_IN_FRAMEWORK_HEADER = YES;
				CLANG_WARN_RANGE_LOOP_ANALYSIS = YES;
				CLANG_WARN_STRICT_PROTOTYPES = YES;
				CLANG_WARN_SUSPICIOUS_MOVE = YES;
				CLANG_WARN_UNGUARDED_AVAILABILITY = YES_AGGRESSIVE;
				CLANG_WARN_UNREACHABLE_CODE = YES;
				CLANG_WARN__DUPLICATE_METHOD_MATCH = YES;
				COPY_PHASE_STRIP = NO;
				DEBUG_INFORMATION_FORMAT = dwarf;
				ENABLE_STRICT_OBJC_MSGSEND = YES;
				ENABLE_TESTABILITY = YES;
				GCC_C_LANGUAGE_STANDARD = gnu11;
				GCC_DYNAMIC_NO_PIC = NO;
				GCC_NO_COMMON_BLOCKS = YES;
				GCC_OPTIMIZATION_LEVEL = 0;
				GCC_PREPROCESSOR_DEFINITIONS = (
					"DEBUG=1",
					"$(inherited)",
				);
				GCC_WARN_64_TO_32_BIT_CONVERSION = YES;
				GCC_WARN_ABOUT_RETURN_TYPE = YES_ERROR;
				GCC_WARN_UNDECLARED_SELECTOR = YES;
				GCC_WARN_UNINITIALIZED_AUTOS = YES_AGGRESSIVE;
				GCC_WARN_UNUSED_FUNCTION = YES;
				GCC_WARN_UNUSED_VARIABLE = YES;
				IPHONEOS_DEPLOYMENT_TARGET = 16.4;
				MTL_ENABLE_DEBUG_INFO = INCLUDE_SOURCE;
				MTL_FAST_MATH = YES;
				ONLY_ACTIVE_ARCH = YES;
				SDKROOT = iphoneos;
				SWIFT_ACTIVE_COMPILATION_CONDITIONS = DEBUG;
				SWIFT_OPTIMIZATION_LEVEL = "-Onone";
			};
			name = Debug;
		};
		26C7A8AD2A5D0015009F0EAF /* Release */ = {
			isa = XCBuildConfiguration;
			buildSettings = {
				ALWAYS_SEARCH_USER_PATHS = NO;
				CLANG_ANALYZER_NONNULL = YES;
				CLANG_ANALYZER_NUMBER_OBJECT_CONVERSION = YES_AGGRESSIVE;
				CLANG_CXX_LANGUAGE_STANDARD = "gnu++20";
				CLANG_ENABLE_MODULES = YES;
				CLANG_ENABLE_OBJC_ARC = YES;
				CLANG_ENABLE_OBJC_WEAK = YES;
				CLANG_WARN_BLOCK_CAPTURE_AUTORELEASING = YES;
				CLANG_WARN_BOOL_CONVERSION = YES;
				CLANG_WARN_COMMA = YES;
				CLANG_WARN_CONSTANT_CONVERSION = YES;
				CLANG_WARN_DEPRECATED_OBJC_IMPLEMENTATIONS = YES;
				CLANG_WARN_DIRECT_OBJC_ISA_USAGE = YES_ERROR;
				CLANG_WARN_DOCUMENTATION_COMMENTS = YES;
				CLANG_WARN_EMPTY_BODY = YES;
				CLANG_WARN_ENUM_CONVERSION = YES;
				CLANG_WARN_INFINITE_RECURSION = YES;
				CLANG_WARN_INT_CONVERSION = YES;
				CLANG_WARN_NON_LITERAL_NULL_CONVERSION = YES;
				CLANG_WARN_OBJC_IMPLICIT_RETAIN_SELF = YES;
				CLANG_WARN_OBJC_LITERAL_CONVERSION = YES;
				CLANG_WARN_OBJC_ROOT_CLASS = YES_ERROR;
				CLANG_WARN_QUOTED_INCLUDE_IN_FRAMEWORK_HEADER = YES;
				CLANG_WARN_RANGE_LOOP_ANALYSIS = YES;
				CLANG_WARN_STRICT_PROTOTYPES = YES;
				CLANG_WARN_SUSPICIOUS_MOVE = YES;
				CLANG_WARN_UNGUARDED_AVAILABILITY = YES_AGGRESSIVE;
				CLANG_WARN_UNREACHABLE_CODE = YES;
				CLANG_WARN__DUPLICATE_METHOD_MATCH = YES;
				COPY_PHASE_STRIP = NO;
				DEBUG_INFORMATION_FORMAT = "dwarf-with-dsym";
				ENABLE_NS_ASSERTIONS = NO;
				ENABLE_STRICT_OBJC_MSGSEND = YES;
				GCC_C_LANGUAGE_STANDARD = gnu11;
				GCC_NO_COMMON_BLOCKS = YES;
				GCC_WARN_64_TO_32_BIT_CONVERSION = YES;
				GCC_WARN_ABOUT_RETURN_TYPE = YES_ERROR;
				GCC_WARN_UNDECLARED_SELECTOR = YES;
				GCC_WARN_UNINITIALIZED_AUTOS = YES_AGGRESSIVE;
				GCC_WARN_UNUSED_FUNCTION = YES;
				GCC_WARN_UNUSED_VARIABLE = YES;
				IPHONEOS_DEPLOYMENT_TARGET = 16.4;
				MTL_ENABLE_DEBUG_INFO = NO;
				MTL_FAST_MATH = YES;
				SDKROOT = iphoneos;
				SWIFT_COMPILATION_MODE = wholemodule;
				SWIFT_OPTIMIZATION_LEVEL = "-O";
				VALIDATE_PRODUCT = YES;
			};
			name = Release;
		};
		26C7A8AF2A5D0015009F0EAF /* Debug */ = {
			isa = XCBuildConfiguration;
			buildSettings = {
				ASSETCATALOG_COMPILER_APPICON_NAME = AppIcon;
				ASSETCATALOG_COMPILER_GLOBAL_ACCENT_COLOR_NAME = AccentColor;
				CODE_SIGN_STYLE = Automatic;
				CURRENT_PROJECT_VERSION = 1;
				DEVELOPMENT_ASSET_PATHS = "\"Vitagochi/Preview Content\"";
				DEVELOPMENT_TEAM = 2W2FLHT9EF;
				ENABLE_PREVIEWS = YES;
				GENERATE_INFOPLIST_FILE = YES;
				INFOPLIST_KEY_UIApplicationSceneManifest_Generation = YES;
				INFOPLIST_KEY_UIApplicationSupportsIndirectInputEvents = YES;
				INFOPLIST_KEY_UILaunchScreen_Generation = YES;
				INFOPLIST_KEY_UISupportedInterfaceOrientations_iPad = "UIInterfaceOrientationPortrait UIInterfaceOrientationPortraitUpsideDown UIInterfaceOrientationLandscapeLeft UIInterfaceOrientationLandscapeRight";
				INFOPLIST_KEY_UISupportedInterfaceOrientations_iPhone = "UIInterfaceOrientationPortrait UIInterfaceOrientationLandscapeLeft UIInterfaceOrientationLandscapeRight";
				LD_RUNPATH_SEARCH_PATHS = (
					"$(inherited)",
					"@executable_path/Frameworks",
				);
				MARKETING_VERSION = 1.0;
				PRODUCT_BUNDLE_IDENTIFIER = com.minusone.Vitagochi;
				PRODUCT_NAME = "$(TARGET_NAME)";
				SWIFT_EMIT_LOC_STRINGS = YES;
				SWIFT_VERSION = 5.0;
				TARGETED_DEVICE_FAMILY = "1,2";
			};
			name = Debug;
		};
		26C7A8B02A5D0015009F0EAF /* Release */ = {
			isa = XCBuildConfiguration;
			buildSettings = {
				ASSETCATALOG_COMPILER_APPICON_NAME = AppIcon;
				ASSETCATALOG_COMPILER_GLOBAL_ACCENT_COLOR_NAME = AccentColor;
				CODE_SIGN_STYLE = Automatic;
				CURRENT_PROJECT_VERSION = 1;
				DEVELOPMENT_ASSET_PATHS = "\"Vitagochi/Preview Content\"";
				DEVELOPMENT_TEAM = 2W2FLHT9EF;
				ENABLE_PREVIEWS = YES;
				GENERATE_INFOPLIST_FILE = YES;
				INFOPLIST_KEY_UIApplicationSceneManifest_Generation = YES;
				INFOPLIST_KEY_UIApplicationSupportsIndirectInputEvents = YES;
				INFOPLIST_KEY_UILaunchScreen_Generation = YES;
				INFOPLIST_KEY_UISupportedInterfaceOrientations_iPad = "UIInterfaceOrientationPortrait UIInterfaceOrientationPortraitUpsideDown UIInterfaceOrientationLandscapeLeft UIInterfaceOrientationLandscapeRight";
				INFOPLIST_KEY_UISupportedInterfaceOrientations_iPhone = "UIInterfaceOrientationPortrait UIInterfaceOrientationLandscapeLeft UIInterfaceOrientationLandscapeRight";
				LD_RUNPATH_SEARCH_PATHS = (
					"$(inherited)",
					"@executable_path/Frameworks",
				);
				MARKETING_VERSION = 1.0;
				PRODUCT_BUNDLE_IDENTIFIER = com.minusone.Vitagochi;
				PRODUCT_NAME = "$(TARGET_NAME)";
				SWIFT_EMIT_LOC_STRINGS = YES;
				SWIFT_VERSION = 5.0;
				TARGETED_DEVICE_FAMILY = "1,2";
			};
			name = Release;
		};
		26C7A8B22A5D0015009F0EAF /* Debug */ = {
			isa = XCBuildConfiguration;
			buildSettings = {
				ALWAYS_EMBED_SWIFT_STANDARD_LIBRARIES = YES;
				BUNDLE_LOADER = "$(TEST_HOST)";
				CODE_SIGN_STYLE = Automatic;
				CURRENT_PROJECT_VERSION = 1;
				DEVELOPMENT_TEAM = 2W2FLHT9EF;
				GENERATE_INFOPLIST_FILE = YES;
				IPHONEOS_DEPLOYMENT_TARGET = 16.4;
				MARKETING_VERSION = 1.0;
				PRODUCT_BUNDLE_IDENTIFIER = com.minusone.VitagochiTests;
				PRODUCT_NAME = "$(TARGET_NAME)";
				SWIFT_EMIT_LOC_STRINGS = NO;
				SWIFT_VERSION = 5.0;
				TARGETED_DEVICE_FAMILY = "1,2";
				TEST_HOST = "$(BUILT_PRODUCTS_DIR)/Vitagochi.app/$(BUNDLE_EXECUTABLE_FOLDER_PATH)/Vitagochi";
			};
			name = Debug;
		};
		26C7A8B32A5D0015009F0EAF /* Release */ = {
			isa = XCBuildConfiguration;
			buildSettings = {
				ALWAYS_EMBED_SWIFT_STANDARD_LIBRARIES = YES;
				BUNDLE_LOADER = "$(TEST_HOST)";
				CODE_SIGN_STYLE = Automatic;
				CURRENT_PROJECT_VERSION = 1;
				DEVELOPMENT_TEAM = 2W2FLHT9EF;
				GENERATE_INFOPLIST_FILE = YES;
				IPHONEOS_DEPLOYMENT_TARGET = 16.4;
				MARKETING_VERSION = 1.0;
				PRODUCT_BUNDLE_IDENTIFIER = com.minusone.VitagochiTests;
				PRODUCT_NAME = "$(TARGET_NAME)";
				SWIFT_EMIT_LOC_STRINGS = NO;
				SWIFT_VERSION = 5.0;
				TARGETED_DEVICE_FAMILY = "1,2";
				TEST_HOST = "$(BUILT_PRODUCTS_DIR)/Vitagochi.app/$(BUNDLE_EXECUTABLE_FOLDER_PATH)/Vitagochi";
			};
			name = Release;
		};
		26C7A8B52A5D0015009F0EAF /* Debug */ = {
			isa = XCBuildConfiguration;
			buildSettings = {
				ALWAYS_EMBED_SWIFT_STANDARD_LIBRARIES = YES;
				CODE_SIGN_STYLE = Automatic;
				CURRENT_PROJECT_VERSION = 1;
				DEVELOPMENT_TEAM = 2W2FLHT9EF;
				GENERATE_INFOPLIST_FILE = YES;
				MARKETING_VERSION = 1.0;
				PRODUCT_BUNDLE_IDENTIFIER = com.minusone.VitagochiUITests;
				PRODUCT_NAME = "$(TARGET_NAME)";
				SWIFT_EMIT_LOC_STRINGS = NO;
				SWIFT_VERSION = 5.0;
				TARGETED_DEVICE_FAMILY = "1,2";
				TEST_TARGET_NAME = Vitagochi;
			};
			name = Debug;
		};
		26C7A8B62A5D0015009F0EAF /* Release */ = {
			isa = XCBuildConfiguration;
			buildSettings = {
				ALWAYS_EMBED_SWIFT_STANDARD_LIBRARIES = YES;
				CODE_SIGN_STYLE = Automatic;
				CURRENT_PROJECT_VERSION = 1;
				DEVELOPMENT_TEAM = 2W2FLHT9EF;
				GENERATE_INFOPLIST_FILE = YES;
				MARKETING_VERSION = 1.0;
				PRODUCT_BUNDLE_IDENTIFIER = com.minusone.VitagochiUITests;
				PRODUCT_NAME = "$(TARGET_NAME)";
				SWIFT_EMIT_LOC_STRINGS = NO;
				SWIFT_VERSION = 5.0;
				TARGETED_DEVICE_FAMILY = "1,2";
				TEST_TARGET_NAME = Vitagochi;
			};
			name = Release;
		};
/* End XCBuildConfiguration section */

/* Begin XCConfigurationList section */
		26C7A8852A5D0014009F0EAF /* Build configuration list for PBXProject "Vitagochi" */ = {
			isa = XCConfigurationList;
			buildConfigurations = (
				26C7A8AC2A5D0015009F0EAF /* Debug */,
				26C7A8AD2A5D0015009F0EAF /* Release */,
			);
			defaultConfigurationIsVisible = 0;
			defaultConfigurationName = Release;
		};
		26C7A8AE2A5D0015009F0EAF /* Build configuration list for PBXNativeTarget "Vitagochi" */ = {
			isa = XCConfigurationList;
			buildConfigurations = (
				26C7A8AF2A5D0015009F0EAF /* Debug */,
				26C7A8B02A5D0015009F0EAF /* Release */,
			);
			defaultConfigurationIsVisible = 0;
			defaultConfigurationName = Release;
		};
		26C7A8B12A5D0015009F0EAF /* Build configuration list for PBXNativeTarget "VitagochiTests" */ = {
			isa = XCConfigurationList;
			buildConfigurations = (
				26C7A8B22A5D0015009F0EAF /* Debug */,
				26C7A8B32A5D0015009F0EAF /* Release */,
			);
			defaultConfigurationIsVisible = 0;
			defaultConfigurationName = Release;
		};
		26C7A8B42A5D0015009F0EAF /* Build configuration list for PBXNativeTarget "VitagochiUITests" */ = {
			isa = XCConfigurationList;
			buildConfigurations = (
				26C7A8B52A5D0015009F0EAF /* Debug */,
				26C7A8B62A5D0015009F0EAF /* Release */,
			);
			defaultConfigurationIsVisible = 0;
			defaultConfigurationName = Release;
		};
/* End XCConfigurationList section */
	};
	rootObject = 26C7A8822A5D0014009F0EAF /* Project object */;
}
